<?xml version="1.0" encoding="utf-8"?>
<Project ToolsVersion="4.0" xmlns="http://schemas.microsoft.com/developer/msbuild/2003">
  <ItemGroup>
    <Filter Include="Source Files">
      <UniqueIdentifier>{4FC737F1-C7A5-4376-A066-2A32D752A2FF}</UniqueIdentifier>
      <Extensions>cpp;c;cc;cxx;c++;cppm;ixx;def;odl;idl;hpj;bat;asm;asmx</Extensions>
    </Filter>
    <Filter Include="Header Files">
      <UniqueIdentifier>{93995380-89BD-4b04-88EB-625FBE52EBFB}</UniqueIdentifier>
      <Extensions>h;hh;hpp;hxx;h++;hm;inl;inc;ipp;xsd</Extensions>
    </Filter>
    <Filter Include="Resource Files">
      <UniqueIdentifier>{67DA6AB6-F800-4c08-8B7A-83BB121AAD01}</UniqueIdentifier>
      <Extensions>rc;ico;cur;bmp;dlg;rc2;rct;bin;rgs;gif;jpg;jpeg;jpe;resx;tiff;tif;png;wav;mfcribbon-ms</Extensions>
    </Filter>
  </ItemGroup>
  <ItemGroup>
    <ClCompile Include="src\main.cpp">
      <Filter>Source Files</Filter>
    </ClCompile>
    <ClCompile Include="..\..\Libraries\cJson\cJson\cJSON.c">
      <Filter>Source Files</Filter>
    </ClCompile>
    <ClCompile Include="..\..\Libraries\Lua\code\src\lapi.c">
      <Filter>Source Files</Filter>
    </ClCompile>
    <ClCompile Include="..\..\Libraries\Lua\code\src\lauxlib.c">
      <Filter>Source Files</Filter>
    </ClCompile>
    <ClCompile Include="..\..\Libraries\Lua\code\src\lbaselib.c">
      <Filter>Source Files</Filter>
    </ClCompile>
    <ClCompile Include="..\..\Libraries\Lua\code\src\lcode.c">
      <Filter>Source Files</Filter>
    </ClCompile>
    <ClCompile Include="..\..\Libraries\Lua\code\src\lcorolib.c">
      <Filter>Source Files</Filter>
    </ClCompile>
    <ClCompile Include="..\..\Libraries\Lua\code\src\lctype.c">
      <Filter>Source Files</Filter>
    </ClCompile>
    <ClCompile Include="..\..\Libraries\Lua\code\src\ldblib.c">
      <Filter>Source Files</Filter>
    </ClCompile>
    <ClCompile Include="..\..\Libraries\Lua\code\src\ldebug.c">
      <Filter>Source Files</Filter>
    </ClCompile>
    <ClCompile Include="..\..\Libraries\Lua\code\src\ldo.c">
      <Filter>Source Files</Filter>
    </ClCompile>
    <ClCompile Include="..\..\Libraries\Lua\code\src\ldump.c">
      <Filter>Source Files</Filter>
    </ClCompile>
    <ClCompile Include="..\..\Libraries\Lua\code\src\lfunc.c">
      <Filter>Source Files</Filter>
    </ClCompile>
    <ClCompile Include="..\..\Libraries\Lua\code\src\lgc.c">
      <Filter>Source Files</Filter>
    </ClCompile>
    <ClCompile Include="..\..\Libraries\Lua\code\src\linit.c">
      <Filter>Source Files</Filter>
    </ClCompile>
    <ClCompile Include="..\..\Libraries\Lua\code\src\liolib.c">
      <Filter>Source Files</Filter>
    </ClCompile>
    <ClCompile Include="..\..\Libraries\Lua\code\src\llex.c">
      <Filter>Source Files</Filter>
    </ClCompile>
    <ClCompile Include="..\..\Libraries\Lua\code\src\lmathlib.c">
      <Filter>Source Files</Filter>
    </ClCompile>
    <ClCompile Include="..\..\Libraries\Lua\code\src\lmem.c">
      <Filter>Source Files</Filter>
    </ClCompile>
    <ClCompile Include="..\..\Libraries\Lua\code\src\loadlib.c">
      <Filter>Source Files</Filter>
    </ClCompile>
    <ClCompile Include="..\..\Libraries\Lua\code\src\lobject.c">
      <Filter>Source Files</Filter>
    </ClCompile>
    <ClCompile Include="..\..\Libraries\Lua\code\src\lopcodes.c">
      <Filter>Source Files</Filter>
    </ClCompile>
    <ClCompile Include="..\..\Libraries\Lua\code\src\loslib.c">
      <Filter>Source Files</Filter>
    </ClCompile>
    <ClCompile Include="..\..\Libraries\Lua\code\src\lparser.c">
      <Filter>Source Files</Filter>
    </ClCompile>
    <ClCompile Include="..\..\Libraries\Lua\code\src\lstate.c">
      <Filter>Source Files</Filter>
    </ClCompile>
    <ClCompile Include="..\..\Libraries\Lua\code\src\lstring.c">
      <Filter>Source Files</Filter>
    </ClCompile>
    <ClCompile Include="..\..\Libraries\Lua\code\src\lstrlib.c">
      <Filter>Source Files</Filter>
    </ClCompile>
    <ClCompile Include="..\..\Libraries\Lua\code\src\ltable.c">
      <Filter>Source Files</Filter>
    </ClCompile>
    <ClCompile Include="..\..\Libraries\Lua\code\src\ltablib.c">
      <Filter>Source Files</Filter>
    </ClCompile>
    <ClCompile Include="..\..\Libraries\Lua\code\src\ltm.c">
      <Filter>Source Files</Filter>
    </ClCompile>
    <ClCompile Include="..\..\Libraries\Lua\code\src\lundump.c">
      <Filter>Source Files</Filter>
    </ClCompile>
    <ClCompile Include="..\..\Libraries\Lua\code\src\lutf8lib.c">
      <Filter>Source Files</Filter>
    </ClCompile>
    <ClCompile Include="..\..\Libraries\Lua\code\src\lvm.c">
      <Filter>Source Files</Filter>
    </ClCompile>
    <ClCompile Include="..\..\Libraries\Lua\code\src\lzio.c">
      <Filter>Source Files</Filter>
    </ClCompile>
    <ClCompile Include="src\renderer_entry.cpp">
      <Filter>Source Files</Filter>
    </ClCompile>
    <ClCompile Include="..\..\Engine\src\Common\performance.cpp">
      <Filter>Source Files</Filter>
    </ClCompile>
    <ClCompile Include="..\..\Engine\src\Common\polygon.cpp">
      <Filter>Source Files</Filter>
    </ClCompile>
    <ClCompile Include="..\..\Engine\src\Renderer\Animations\animation_curve_function_linear.cpp">
      <Filter>Source Files</Filter>
    </ClCompile>
    <ClCompile Include="..\..\Engine\src\Renderer\Animations\animation_factory.cpp">
      <Filter>Source Files</Filter>
    </ClCompile>
    <ClCompile Include="..\..\Engine\src\Renderer\Animations\animation_function.cpp">
      <Filter>Source Files</Filter>
    </ClCompile>
    <ClCompile Include="..\..\Engine\src\Renderer\Character\character.cpp">
      <Filter>Source Files</Filter>
    </ClCompile>
    <ClCompile Include="..\..\Engine\src\Renderer\Character\character_manager.cpp">
      <Filter>Source Files</Filter>
    </ClCompile>
    <ClCompile Include="..\..\Engine\src\Renderer\Character\character_renderer.cpp">
      <Filter>Source Files</Filter>
    </ClCompile>
    <ClCompile Include="..\..\Engine\src\Renderer\Character\character_representation.cpp">
      <Filter>Source Files</Filter>
    </ClCompile>
    <ClCompile Include="..\..\Engine\src\Renderer\Character Movement\character_mover.cpp">
      <Filter>Source Files</Filter>
    </ClCompile>
    <ClCompile Include="..\..\Engine\src\Renderer\Console\console_view.cpp">
      <Filter>Source Files</Filter>
    </ClCompile>
    <ClCompile Include="..\..\Engine\src\Renderer\Engine\engine.cpp">
      <Filter>Source Files</Filter>
    </ClCompile>
    <ClCompile Include="..\..\Engine\src\Renderer\Engine Provider\engine_provider.cpp">
      <Filter>Source Files</Filter>
    </ClCompile>
    <ClCompile Include="..\..\Engine\src\Renderer\Events\event_provider.cpp">
      <Filter>Source Files</Filter>
    </ClCompile>
    <ClCompile Include="..\..\Engine\src\Renderer\File Access\file_memory_buffer_stream_file.cpp">
      <Filter>Source Files</Filter>
    </ClCompile>
    <ClCompile Include="..\..\Engine\src\Renderer\File Access\file_memory_buffer_stream_resource.cpp">
      <Filter>Source Files</Filter>
    </ClCompile>
    <ClCompile Include="..\..\Engine\src\Renderer\Fonts\font.cpp">
      <Filter>Source Files</Filter>
    </ClCompile>
    <ClCompile Include="..\..\Engine\src\Renderer\Loaders\polygon_loader.cpp">
      <Filter>Source Files</Filter>
    </ClCompile>
    <ClCompile Include="..\..\Engine\src\Renderer\Managers\events_manager.cpp">
      <Filter>Source Files</Filter>
    </ClCompile>
    <ClCompile Include="..\..\Engine\src\Renderer\Managers\periodic_updates_manager.cpp">
      <Filter>Source Files</Filter>
    </ClCompile>
    <ClCompile Include="..\..\Engine\src\Renderer\Managers\sprite_atlas_manager.cpp">
      <Filter>Source Files</Filter>
    </ClCompile>
    <ClCompile Include="..\..\Engine\src\Renderer\Managers\sprite_renderer_manager.cpp">
      <Filter>Source Files</Filter>
    </ClCompile>
    <ClCompile Include="..\..\Engine\src\Renderer\Path Finding\path.cpp">
      <Filter>Source Files</Filter>
    </ClCompile>
    <ClCompile Include="..\..\Engine\src\Renderer\Path Finding\path_finder.cpp">
      <Filter>Source Files</Filter>
    </ClCompile>
    <ClCompile Include="..\..\Engine\src\Renderer\Path Finding\path_finder_graph.cpp">
      <Filter>Source Files</Filter>
    </ClCompile>
    <ClCompile Include="..\..\Engine\src\Renderer\Path Finding\path_finder_helper.cpp">
      <Filter>Source Files</Filter>
    </ClCompile>
    <ClCompile Include="..\..\Engine\src\Renderer\Path Finding\path_finder_line_graph_node.cpp">
      <Filter>Source Files</Filter>
    </ClCompile>
    <ClCompile Include="..\..\Engine\src\Renderer\Scene\scene.cpp">
      <Filter>Source Files</Filter>
    </ClCompile>
    <ClCompile Include="..\..\Engine\src\Renderer\Scene\scene_manager.cpp">
      <Filter>Source Files</Filter>
    </ClCompile>
    <ClCompile Include="..\..\Engine\src\Renderer\Scripting\scripting_engine.cpp">
      <Filter>Source Files</Filter>
    </ClCompile>
    <ClCompile Include="..\..\Engine\src\Renderer\Sprites\sprite_atlas.cpp">
      <Filter>Source Files</Filter>
    </ClCompile>
    <ClCompile Include="..\..\Engine\src\Renderer\Sprites\sprite_draw_animated.cpp">
      <Filter>Source Files</Filter>
    </ClCompile>
    <ClCompile Include="..\..\Engine\src\Renderer\Sprites\sprite_draw_static.cpp">
      <Filter>Source Files</Filter>
    </ClCompile>
    <ClCompile Include="..\..\Engine\src\Renderer\States\engine_state.cpp">
      <Filter>Source Files</Filter>
    </ClCompile>
    <ClCompile Include="..\..\Engine\src\Renderer\States\time.cpp">
      <Filter>Source Files</Filter>
    </ClCompile>
    <ClCompile Include="..\..\Engine\src\Renderer\Textures\texture.cpp">
      <Filter>Source Files</Filter>
    </ClCompile>
    <ClCompile Include="..\..\Engine\src\Renderer\Textures\texture_target.cpp">
      <Filter>Source Files</Filter>
    </ClCompile>
    <ClCompile Include="..\..\Engine\src\Game\Room\room.cpp">
      <Filter>Source Files</Filter>
    </ClCompile>
    <ClCompile Include="..\..\Engine\src\Renderer\File Access\file_access.cpp">
      <Filter>Source Files</Filter>
    </ClCompile>
  </ItemGroup>
  <ItemGroup>
    <ClInclude Include="..\..\Libraries\cJson\cJson\cJSON.h">
      <Filter>Header Files</Filter>
    </ClInclude>
    <ClInclude Include="..\..\Libraries\Lua\code\src\lapi.h">
      <Filter>Source Files</Filter>
    </ClInclude>
    <ClInclude Include="..\..\Libraries\Lua\code\src\lauxlib.h">
      <Filter>Source Files</Filter>
    </ClInclude>
    <ClInclude Include="..\..\Libraries\Lua\code\src\lcode.h">
      <Filter>Source Files</Filter>
    </ClInclude>
    <ClInclude Include="..\..\Libraries\Lua\code\src\lctype.h">
      <Filter>Source Files</Filter>
    </ClInclude>
    <ClInclude Include="..\..\Libraries\Lua\code\src\ldebug.h">
      <Filter>Source Files</Filter>
    </ClInclude>
    <ClInclude Include="..\..\Libraries\Lua\code\src\ldo.h">
      <Filter>Source Files</Filter>
    </ClInclude>
    <ClInclude Include="..\..\Libraries\Lua\code\src\lfunc.h">
      <Filter>Source Files</Filter>
    </ClInclude>
    <ClInclude Include="..\..\Libraries\Lua\code\src\lgc.h">
      <Filter>Source Files</Filter>
    </ClInclude>
    <ClInclude Include="..\..\Libraries\Lua\code\src\ljumptab.h">
      <Filter>Source Files</Filter>
    </ClInclude>
    <ClInclude Include="..\..\Libraries\Lua\code\src\llex.h">
      <Filter>Source Files</Filter>
    </ClInclude>
    <ClInclude Include="..\..\Libraries\Lua\code\src\llimits.h">
      <Filter>Source Files</Filter>
    </ClInclude>
    <ClInclude Include="..\..\Libraries\Lua\code\src\lmem.h">
      <Filter>Source Files</Filter>
    </ClInclude>
    <ClInclude Include="..\..\Libraries\Lua\code\src\lobject.h">
      <Filter>Source Files</Filter>
    </ClInclude>
    <ClInclude Include="..\..\Libraries\Lua\code\src\lopcodes.h">
      <Filter>Source Files</Filter>
    </ClInclude>
    <ClInclude Include="..\..\Libraries\Lua\code\src\lopnames.h">
      <Filter>Source Files</Filter>
    </ClInclude>
    <ClInclude Include="..\..\Libraries\Lua\code\src\lparser.h">
      <Filter>Source Files</Filter>
    </ClInclude>
    <ClInclude Include="..\..\Libraries\Lua\code\src\lprefix.h">
      <Filter>Source Files</Filter>
    </ClInclude>
    <ClInclude Include="..\..\Libraries\Lua\code\src\lstate.h">
      <Filter>Source Files</Filter>
    </ClInclude>
    <ClInclude Include="..\..\Libraries\Lua\code\src\lstring.h">
      <Filter>Source Files</Filter>
    </ClInclude>
    <ClInclude Include="..\..\Libraries\Lua\code\src\ltable.h">
      <Filter>Source Files</Filter>
    </ClInclude>
    <ClInclude Include="..\..\Libraries\Lua\code\src\ltm.h">
      <Filter>Source Files</Filter>
    </ClInclude>
    <ClInclude Include="..\..\Libraries\Lua\code\src\lua.h">
      <Filter>Source Files</Filter>
    </ClInclude>
    <ClInclude Include="..\..\Libraries\Lua\code\src\lua.hpp">
      <Filter>Source Files</Filter>
    </ClInclude>
    <ClInclude Include="..\..\Libraries\Lua\code\src\luaconf.h">
      <Filter>Source Files</Filter>
    </ClInclude>
    <ClInclude Include="..\..\Libraries\Lua\code\src\lualib.h">
      <Filter>Source Files</Filter>
    </ClInclude>
    <ClInclude Include="..\..\Libraries\Lua\code\src\lundump.h">
      <Filter>Source Files</Filter>
    </ClInclude>
    <ClInclude Include="..\..\Libraries\Lua\code\src\lvm.h">
      <Filter>Source Files</Filter>
    </ClInclude>
    <ClInclude Include="..\..\Libraries\Lua\code\src\lzio.h">
      <Filter>Source Files</Filter>
    </ClInclude>
    <ClInclude Include="src\renderer_entry.h">
      <Filter>Header Files</Filter>
    </ClInclude>
    <ClInclude Include="..\..\Engine\src\Common\function.hpp">
      <Filter>Header Files</Filter>
    </ClInclude>
    <ClInclude Include="..\..\Engine\src\Common\general.hpp">
      <Filter>Header Files</Filter>
    </ClInclude>
    <ClInclude Include="..\..\Engine\src\Common\line.hpp">
      <Filter>Header Files</Filter>
    </ClInclude>
    <ClInclude Include="..\..\Engine\src\Common\performance.hpp">
      <Filter>Header Files</Filter>
    </ClInclude>
    <ClInclude Include="..\..\Engine\src\Common\polygon.hpp">
      <Filter>Header Files</Filter>
    </ClInclude>
    <ClInclude Include="..\..\Engine\src\Common\vector2.hpp">
      <Filter>Header Files</Filter>
    </ClInclude>
    <ClInclude Include="..\..\Engine\src\Renderer\Animations\animation_curve_function_interface.h">
      <Filter>Header Files</Filter>
    </ClInclude>
    <ClInclude Include="..\..\Engine\src\Renderer\Animations\animation_curve_function_linear.hpp">
      <Filter>Header Files</Filter>
    </ClInclude>
    <ClInclude Include="..\..\Engine\src\Renderer\Animations\animation_factory.hpp">
      <Filter>Header Files</Filter>
    </ClInclude>
    <ClInclude Include="..\..\Engine\src\Renderer\Animations\animation_function.hpp">
      <Filter>Header Files</Filter>
    </ClInclude>
    <ClInclude Include="..\..\Engine\src\Renderer\Character\character.hpp">
      <Filter>Header Files</Filter>
    </ClInclude>
    <ClInclude Include="..\..\Engine\src\Renderer\Character\character_interface.h">
      <Filter>Header Files</Filter>
    </ClInclude>
    <ClInclude Include="..\..\Engine\src\Renderer\Character\character_manager.hpp">
      <Filter>Header Files</Filter>
    </ClInclude>
    <ClInclude Include="..\..\Engine\src\Renderer\Character\character_renderer.hpp">
      <Filter>Header Files</Filter>
    </ClInclude>
    <ClInclude Include="..\..\Engine\src\Renderer\Character\character_renderer_interface.h">
      <Filter>Header Files</Filter>
    </ClInclude>
    <ClInclude Include="..\..\Engine\src\Renderer\Character\character_representation.hpp">
      <Filter>Header Files</Filter>
    </ClInclude>
    <ClInclude Include="..\..\Engine\src\Renderer\Character Movement\character_mover.hpp">
      <Filter>Header Files</Filter>
    </ClInclude>
    <ClInclude Include="..\..\Engine\src\Renderer\Character Movement\character_mover_interface.h">
      <Filter>Header Files</Filter>
    </ClInclude>
    <ClInclude Include="..\..\Engine\src\Renderer\Console\console_view.hpp">
      <Filter>Header Files</Filter>
    </ClInclude>
    <ClInclude Include="..\..\Engine\src\Renderer\Console\console_view_interface.h">
      <Filter>Header Files</Filter>
    </ClInclude>
    <ClInclude Include="..\..\Engine\src\Renderer\Engine\engine.hpp">
      <Filter>Header Files</Filter>
    </ClInclude>
    <ClInclude Include="..\..\Engine\src\Renderer\Engine\engine_interface.h">
      <Filter>Header Files</Filter>
    </ClInclude>
    <ClInclude Include="..\..\Engine\src\Renderer\Engine Provider\engine_provider.hpp">
      <Filter>Header Files</Filter>
    </ClInclude>
    <ClInclude Include="..\..\Engine\src\Renderer\Engine Provider\engine_provider_interface.h">
      <Filter>Header Files</Filter>
    </ClInclude>
    <ClInclude Include="..\..\Engine\src\Renderer\Events\event_provider.hpp">
      <Filter>Header Files</Filter>
    </ClInclude>
    <ClInclude Include="..\..\Engine\src\Renderer\Events\event_provider_interface.h">
      <Filter>Header Files</Filter>
    </ClInclude>
    <ClInclude Include="..\..\Engine\src\Renderer\File Access\file_access.hpp">
      <Filter>Header Files</Filter>
    </ClInclude>
    <ClInclude Include="..\..\Engine\src\Renderer\File Access\file_access_provider.h">
      <Filter>Header Files</Filter>
    </ClInclude>
    <ClInclude Include="..\..\Engine\src\Renderer\Fonts\font.hpp">
      <Filter>Header Files</Filter>
    </ClInclude>
    <ClInclude Include="..\..\Engine\src\Renderer\Fonts\font_interface.h">
      <Filter>Header Files</Filter>
    </ClInclude>
    <ClInclude Include="..\..\Engine\src\Renderer\Loaders\polygon_loader.hpp">
      <Filter>Header Files</Filter>
    </ClInclude>
    <ClInclude Include="..\..\Engine\src\Renderer\Managers\events_manager.hpp">
      <Filter>Header Files</Filter>
    </ClInclude>
    <ClInclude Include="..\..\Engine\src\Renderer\Managers\periodic_updates_manager.hpp">
      <Filter>Header Files</Filter>
    </ClInclude>
    <ClInclude Include="..\..\Engine\src\Renderer\Managers\sprite_atlas_manager.hpp">
      <Filter>Header Files</Filter>
    </ClInclude>
    <ClInclude Include="..\..\Engine\src\Renderer\Managers\sprite_renderer_manager.hpp">
      <Filter>Header Files</Filter>
    </ClInclude>
    <ClInclude Include="..\..\Engine\src\Renderer\Path Finding\path.hpp">
      <Filter>Header Files</Filter>
    </ClInclude>
    <ClInclude Include="..\..\Engine\src\Renderer\Path Finding\path_finder.hpp">
      <Filter>Header Files</Filter>
    </ClInclude>
    <ClInclude Include="..\..\Engine\src\Renderer\Path Finding\path_finder_graph.hpp">
      <Filter>Header Files</Filter>
    </ClInclude>
    <ClInclude Include="..\..\Engine\src\Renderer\Path Finding\path_finder_helper.hpp">
      <Filter>Header Files</Filter>
    </ClInclude>
    <ClInclude Include="..\..\Engine\src\Renderer\Path Finding\path_finder_interface.h">
      <Filter>Header Files</Filter>
    </ClInclude>
    <ClInclude Include="..\..\Engine\src\Renderer\Path Finding\path_finder_line_graph_node.hpp">
      <Filter>Header Files</Filter>
    </ClInclude>
    <ClInclude Include="..\..\Engine\src\Renderer\Scene\scene.hpp">
      <Filter>Header Files</Filter>
    </ClInclude>
    <ClInclude Include="..\..\Engine\src\Renderer\Scene\scene_manager.hpp">
      <Filter>Header Files</Filter>
    </ClInclude>
    <ClInclude Include="..\..\Engine\src\Renderer\Scripting\scripting_engine.hpp">
      <Filter>Header Files</Filter>
    </ClInclude>
    <ClInclude Include="..\..\Engine\src\Renderer\Scripting\scripting_engine_provider_interface.h">
      <Filter>Header Files</Filter>
    </ClInclude>
    <ClInclude Include="..\..\Engine\src\Renderer\Sprites\sprite_atlas.hpp">
      <Filter>Header Files</Filter>
    </ClInclude>
    <ClInclude Include="..\..\Engine\src\Renderer\Sprites\sprite_atlas_interface.h">
      <Filter>Header Files</Filter>
    </ClInclude>
    <ClInclude Include="..\..\Engine\src\Renderer\Sprites\sprite_draw_animated.hpp">
      <Filter>Header Files</Filter>
    </ClInclude>
    <ClInclude Include="..\..\Engine\src\Renderer\Sprites\sprite_draw_interface.h">
      <Filter>Header Files</Filter>
    </ClInclude>
    <ClInclude Include="..\..\Engine\src\Renderer\Sprites\sprite_draw_static.hpp">
      <Filter>Header Files</Filter>
    </ClInclude>
    <ClInclude Include="..\..\Engine\src\Renderer\Sprites\sprite_interface_defs.h">
      <Filter>Header Files</Filter>
    </ClInclude>
    <ClInclude Include="..\..\Engine\src\Renderer\States\engine_state.hpp">
      <Filter>Header Files</Filter>
    </ClInclude>
    <ClInclude Include="..\..\Engine\src\Renderer\States\time.hpp">
      <Filter>Header Files</Filter>
    </ClInclude>
    <ClInclude Include="..\..\Engine\src\Renderer\Textures\texture.hpp">
      <Filter>Header Files</Filter>
    </ClInclude>
    <ClInclude Include="..\..\Engine\src\Renderer\Textures\texture_interface.h">
      <Filter>Header Files</Filter>
    </ClInclude>
    <ClInclude Include="..\..\Engine\src\Renderer\Textures\texture_target.hpp">
      <Filter>Header Files</Filter>
    </ClInclude>
    <ClInclude Include="..\..\Engine\src\common.h">
      <Filter>Header Files</Filter>
    </ClInclude>
    <ClInclude Include="..\..\Engine\src\common_engine.h">
      <Filter>Header Files</Filter>
    </ClInclude>
    <ClInclude Include="..\..\Engine\src\common_engine_impl.h">
      <Filter>Header Files</Filter>
    </ClInclude>
    <ClInclude Include="..\..\Engine\src\common_sdl.h">
      <Filter>Header Files</Filter>
    </ClInclude>
    <ClInclude Include="..\..\Engine\src\defs.h">
      <Filter>Header Files</Filter>
    </ClInclude>
    <ClInclude Include="..\..\Engine\src\doxygen_main.h">
      <Filter>Header Files</Filter>
    </ClInclude>
    <ClInclude Include="..\..\Engine\src\Game\Room\room.hpp">
      <Filter>Header Files</Filter>
    </ClInclude>
  </ItemGroup>
  <ItemGroup>
    <None Include="..\..\Engine\src\Renderer\File Access\file_access.mm" />
  </ItemGroup>
</Project>