// !$*UTF8*$!
{
	archiveVersion = 1;
	classes = {
	};
	objectVersion = 55;
	objects = {

/* Begin PBXBuildFile section */
		7F138253277505B600ED6D67 /* texture.cpp in Sources */ = {isa = PBXBuildFile; fileRef = 7F13821C277505B600ED6D67 /* texture.cpp */; };
		7F138254277505B600ED6D67 /* texture_interface.h in Headers */ = {isa = PBXBuildFile; fileRef = 7F13821D277505B600ED6D67 /* texture_interface.h */; };
		7F138255277505B600ED6D67 /* texture.hpp in Headers */ = {isa = PBXBuildFile; fileRef = 7F13821E277505B600ED6D67 /* texture.hpp */; };
		7F138257277505B600ED6D67 /* scripting_engine.cpp in Sources */ = {isa = PBXBuildFile; fileRef = 7F138220277505B600ED6D67 /* scripting_engine.cpp */; };
		7F138258277505B600ED6D67 /* scripting_engine_provider_interface.h in Headers */ = {isa = PBXBuildFile; fileRef = 7F138221277505B600ED6D67 /* scripting_engine_provider_interface.h */; };
		7F138259277505B600ED6D67 /* scripting_engine.hpp in Headers */ = {isa = PBXBuildFile; fileRef = 7F138222277505B600ED6D67 /* scripting_engine.hpp */; };
		7F13825A277505B600ED6D67 /* engine_provider.hpp in Headers */ = {isa = PBXBuildFile; fileRef = 7F138224277505B600ED6D67 /* engine_provider.hpp */; };
		7F13825C277505B600ED6D67 /* event_provider.cpp in Sources */ = {isa = PBXBuildFile; fileRef = 7F138225277505B600ED6D67 /* event_provider.cpp */; };
		7F13825D277505B600ED6D67 /* event_provider.hpp in Headers */ = {isa = PBXBuildFile; fileRef = 7F138226277505B600ED6D67 /* event_provider.hpp */; };
		7F13825E277505B600ED6D67 /* event_provider_interface.h in Headers */ = {isa = PBXBuildFile; fileRef = 7F138227277505B600ED6D67 /* event_provider_interface.h */; };
		7F13825F277505B600ED6D67 /* engine_provider_interface.h in Headers */ = {isa = PBXBuildFile; fileRef = 7F138228277505B600ED6D67 /* engine_provider_interface.h */; };
		7F138261277505B600ED6D67 /* engine_provider.cpp in Sources */ = {isa = PBXBuildFile; fileRef = 7F138229277505B600ED6D67 /* engine_provider.cpp */; };
		7F138263277505B600ED6D67 /* file_access.mm in Sources */ = {isa = PBXBuildFile; fileRef = 7F13822B277505B600ED6D67 /* file_access.mm */; };
		7F138264277505B600ED6D67 /* file_access.hpp in Headers */ = {isa = PBXBuildFile; fileRef = 7F13822C277505B600ED6D67 /* file_access.hpp */; };
		7F138265277505B600ED6D67 /* file_access_provider.h in Headers */ = {isa = PBXBuildFile; fileRef = 7F13822D277505B600ED6D67 /* file_access_provider.h */; };
		7F138266277505B600ED6D67 /* sprite_draw_static.hpp in Headers */ = {isa = PBXBuildFile; fileRef = 7F13822F277505B600ED6D67 /* sprite_draw_static.hpp */; };
		7F138267277505B600ED6D67 /* sprite_draw_interface.h in Headers */ = {isa = PBXBuildFile; fileRef = 7F138230277505B600ED6D67 /* sprite_draw_interface.h */; };
		7F138269277505B600ED6D67 /* sprite_atlas.hpp in Headers */ = {isa = PBXBuildFile; fileRef = 7F138232277505B600ED6D67 /* sprite_atlas.hpp */; };
		7F13826B277505B600ED6D67 /* sprite_draw_animated.cpp in Sources */ = {isa = PBXBuildFile; fileRef = 7F138233277505B600ED6D67 /* sprite_draw_animated.cpp */; };
		7F13826E277505B600ED6D67 /* sprite_draw_animated.hpp in Headers */ = {isa = PBXBuildFile; fileRef = 7F138235277505B600ED6D67 /* sprite_draw_animated.hpp */; };
		7F138270277505B600ED6D67 /* sprite_atlas_interface.h in Headers */ = {isa = PBXBuildFile; fileRef = 7F138237277505B600ED6D67 /* sprite_atlas_interface.h */; };
		7F138272277505B600ED6D67 /* sprite_draw_static.cpp in Sources */ = {isa = PBXBuildFile; fileRef = 7F138238277505B600ED6D67 /* sprite_draw_static.cpp */; };
		7F138273277505B600ED6D67 /* sprite_interface_defs.h in Headers */ = {isa = PBXBuildFile; fileRef = 7F138239277505B600ED6D67 /* sprite_interface_defs.h */; };
		7F138275277505B600ED6D67 /* sprite_atlas.cpp in Sources */ = {isa = PBXBuildFile; fileRef = 7F13823A277505B600ED6D67 /* sprite_atlas.cpp */; };
		7F138277277505B600ED6D67 /* font.cpp in Sources */ = {isa = PBXBuildFile; fileRef = 7F13823C277505B600ED6D67 /* font.cpp */; };
		7F138278277505B600ED6D67 /* font_interface.h in Headers */ = {isa = PBXBuildFile; fileRef = 7F13823D277505B600ED6D67 /* font_interface.h */; };
		7F138279277505B600ED6D67 /* font.hpp in Headers */ = {isa = PBXBuildFile; fileRef = 7F13823E277505B600ED6D67 /* font.hpp */; };
		7F13827A277505B600ED6D67 /* engine.hpp in Headers */ = {isa = PBXBuildFile; fileRef = 7F138240277505B600ED6D67 /* engine.hpp */; };
		7F13827B277505B600ED6D67 /* engine_interface.h in Headers */ = {isa = PBXBuildFile; fileRef = 7F138241277505B600ED6D67 /* engine_interface.h */; };
		7F13827D277505B600ED6D67 /* engine.cpp in Sources */ = {isa = PBXBuildFile; fileRef = 7F138242277505B600ED6D67 /* engine.cpp */; };
		7F13827E277505B600ED6D67 /* defs.h in Headers */ = {isa = PBXBuildFile; fileRef = 7F138243277505B600ED6D67 /* defs.h */; };
		7F138286277505B600ED6D67 /* common_engine_impl.h in Headers */ = {isa = PBXBuildFile; fileRef = 7F13824C277505B600ED6D67 /* common_engine_impl.h */; };
		7F13828A277505B600ED6D67 /* common_engine.h in Headers */ = {isa = PBXBuildFile; fileRef = 7F138250277505B600ED6D67 /* common_engine.h */; };
		7F13828B277505B600ED6D67 /* common.h in Headers */ = {isa = PBXBuildFile; fileRef = 7F138251277505B600ED6D67 /* common.h */; };
		7F64288427779CD400EE9E2C /* character_renderer.cpp in Sources */ = {isa = PBXBuildFile; fileRef = 7F64288227779CD400EE9E2C /* character_renderer.cpp */; };
		7F64288527779CD400EE9E2C /* character_renderer.hpp in Headers */ = {isa = PBXBuildFile; fileRef = 7F64288327779CD400EE9E2C /* character_renderer.hpp */; };
		7F64288A2777C51D00EE9E2C /* character_interface.h in Headers */ = {isa = PBXBuildFile; fileRef = 7F6428882777C51D00EE9E2C /* character_interface.h */; };
		7F64288D2777C59D00EE9E2C /* character.cpp in Sources */ = {isa = PBXBuildFile; fileRef = 7F64288B2777C59D00EE9E2C /* character.cpp */; };
		7F64288E2777C59D00EE9E2C /* character.hpp in Headers */ = {isa = PBXBuildFile; fileRef = 7F64288C2777C59D00EE9E2C /* character.hpp */; };
		7F7967CB27752175003ABD3E /* file_memory_buffer_stream_file.cpp in Sources */ = {isa = PBXBuildFile; fileRef = 7F7967C927752175003ABD3E /* file_memory_buffer_stream_file.cpp */; };
		7F7967CF27752191003ABD3E /* file_memory_buffer_stream_resource.cpp in Sources */ = {isa = PBXBuildFile; fileRef = 7F7967CD27752191003ABD3E /* file_memory_buffer_stream_resource.cpp */; };
		7FDDAF9E2776873900578F86 /* room.cpp in Sources */ = {isa = PBXBuildFile; fileRef = 7FDDAF9C2776873900578F86 /* room.cpp */; };
		7FDDAF9F2776873900578F86 /* room.hpp in Headers */ = {isa = PBXBuildFile; fileRef = 7FDDAF9D2776873900578F86 /* room.hpp */; };
/* End PBXBuildFile section */

/* Begin PBXFileReference section */
		7F1382152775059B00ED6D67 /* libEngine.a */ = {isa = PBXFileReference; explicitFileType = archive.ar; includeInIndex = 0; path = libEngine.a; sourceTree = BUILT_PRODUCTS_DIR; };
		7F13821C277505B600ED6D67 /* texture.cpp */ = {isa = PBXFileReference; fileEncoding = 4; lastKnownFileType = sourcecode.cpp.cpp; path = texture.cpp; sourceTree = "<group>"; };
		7F13821D277505B600ED6D67 /* texture_interface.h */ = {isa = PBXFileReference; fileEncoding = 4; lastKnownFileType = sourcecode.c.h; path = texture_interface.h; sourceTree = "<group>"; };
		7F13821E277505B600ED6D67 /* texture.hpp */ = {isa = PBXFileReference; fileEncoding = 4; lastKnownFileType = sourcecode.cpp.h; path = texture.hpp; sourceTree = "<group>"; };
		7F138220277505B600ED6D67 /* scripting_engine.cpp */ = {isa = PBXFileReference; fileEncoding = 4; lastKnownFileType = sourcecode.cpp.cpp; path = scripting_engine.cpp; sourceTree = "<group>"; };
		7F138221277505B600ED6D67 /* scripting_engine_provider_interface.h */ = {isa = PBXFileReference; fileEncoding = 4; lastKnownFileType = sourcecode.c.h; path = scripting_engine_provider_interface.h; sourceTree = "<group>"; };
		7F138222277505B600ED6D67 /* scripting_engine.hpp */ = {isa = PBXFileReference; fileEncoding = 4; lastKnownFileType = sourcecode.cpp.h; path = scripting_engine.hpp; sourceTree = "<group>"; };
		7F138224277505B600ED6D67 /* engine_provider.hpp */ = {isa = PBXFileReference; fileEncoding = 4; lastKnownFileType = sourcecode.cpp.h; path = engine_provider.hpp; sourceTree = "<group>"; };
		7F138225277505B600ED6D67 /* event_provider.cpp */ = {isa = PBXFileReference; fileEncoding = 4; lastKnownFileType = sourcecode.cpp.cpp; path = event_provider.cpp; sourceTree = "<group>"; };
		7F138226277505B600ED6D67 /* event_provider.hpp */ = {isa = PBXFileReference; fileEncoding = 4; lastKnownFileType = sourcecode.cpp.h; path = event_provider.hpp; sourceTree = "<group>"; };
		7F138227277505B600ED6D67 /* event_provider_interface.h */ = {isa = PBXFileReference; fileEncoding = 4; lastKnownFileType = sourcecode.c.h; path = event_provider_interface.h; sourceTree = "<group>"; };
		7F138228277505B600ED6D67 /* engine_provider_interface.h */ = {isa = PBXFileReference; fileEncoding = 4; lastKnownFileType = sourcecode.c.h; path = engine_provider_interface.h; sourceTree = "<group>"; };
		7F138229277505B600ED6D67 /* engine_provider.cpp */ = {isa = PBXFileReference; fileEncoding = 4; lastKnownFileType = sourcecode.cpp.cpp; path = engine_provider.cpp; sourceTree = "<group>"; };
		7F13822B277505B600ED6D67 /* file_access.mm */ = {isa = PBXFileReference; fileEncoding = 4; lastKnownFileType = sourcecode.cpp.objcpp; path = file_access.mm; sourceTree = "<group>"; };
		7F13822C277505B600ED6D67 /* file_access.hpp */ = {isa = PBXFileReference; fileEncoding = 4; lastKnownFileType = sourcecode.cpp.h; path = file_access.hpp; sourceTree = "<group>"; };
		7F13822D277505B600ED6D67 /* file_access_provider.h */ = {isa = PBXFileReference; fileEncoding = 4; lastKnownFileType = sourcecode.c.h; path = file_access_provider.h; sourceTree = "<group>"; };
		7F13822F277505B600ED6D67 /* sprite_draw_static.hpp */ = {isa = PBXFileReference; fileEncoding = 4; lastKnownFileType = sourcecode.cpp.h; path = sprite_draw_static.hpp; sourceTree = "<group>"; };
		7F138230277505B600ED6D67 /* sprite_draw_interface.h */ = {isa = PBXFileReference; fileEncoding = 4; lastKnownFileType = sourcecode.c.h; path = sprite_draw_interface.h; sourceTree = "<group>"; };
		7F138232277505B600ED6D67 /* sprite_atlas.hpp */ = {isa = PBXFileReference; fileEncoding = 4; lastKnownFileType = sourcecode.cpp.h; path = sprite_atlas.hpp; sourceTree = "<group>"; };
		7F138233277505B600ED6D67 /* sprite_draw_animated.cpp */ = {isa = PBXFileReference; fileEncoding = 4; lastKnownFileType = sourcecode.cpp.cpp; path = sprite_draw_animated.cpp; sourceTree = "<group>"; };
		7F138235277505B600ED6D67 /* sprite_draw_animated.hpp */ = {isa = PBXFileReference; fileEncoding = 4; lastKnownFileType = sourcecode.cpp.h; path = sprite_draw_animated.hpp; sourceTree = "<group>"; };
		7F138237277505B600ED6D67 /* sprite_atlas_interface.h */ = {isa = PBXFileReference; fileEncoding = 4; lastKnownFileType = sourcecode.c.h; path = sprite_atlas_interface.h; sourceTree = "<group>"; };
		7F138238277505B600ED6D67 /* sprite_draw_static.cpp */ = {isa = PBXFileReference; fileEncoding = 4; lastKnownFileType = sourcecode.cpp.cpp; path = sprite_draw_static.cpp; sourceTree = "<group>"; };
		7F138239277505B600ED6D67 /* sprite_interface_defs.h */ = {isa = PBXFileReference; fileEncoding = 4; lastKnownFileType = sourcecode.c.h; path = sprite_interface_defs.h; sourceTree = "<group>"; };
		7F13823A277505B600ED6D67 /* sprite_atlas.cpp */ = {isa = PBXFileReference; fileEncoding = 4; lastKnownFileType = sourcecode.cpp.cpp; path = sprite_atlas.cpp; sourceTree = "<group>"; };
		7F13823C277505B600ED6D67 /* font.cpp */ = {isa = PBXFileReference; fileEncoding = 4; lastKnownFileType = sourcecode.cpp.cpp; path = font.cpp; sourceTree = "<group>"; };
		7F13823D277505B600ED6D67 /* font_interface.h */ = {isa = PBXFileReference; fileEncoding = 4; lastKnownFileType = sourcecode.c.h; path = font_interface.h; sourceTree = "<group>"; };
		7F13823E277505B600ED6D67 /* font.hpp */ = {isa = PBXFileReference; fileEncoding = 4; lastKnownFileType = sourcecode.cpp.h; path = font.hpp; sourceTree = "<group>"; };
		7F138240277505B600ED6D67 /* engine.hpp */ = {isa = PBXFileReference; fileEncoding = 4; lastKnownFileType = sourcecode.cpp.h; path = engine.hpp; sourceTree = "<group>"; };
		7F138241277505B600ED6D67 /* engine_interface.h */ = {isa = PBXFileReference; fileEncoding = 4; lastKnownFileType = sourcecode.c.h; path = engine_interface.h; sourceTree = "<group>"; };
		7F138242277505B600ED6D67 /* engine.cpp */ = {isa = PBXFileReference; fileEncoding = 4; lastKnownFileType = sourcecode.cpp.cpp; path = engine.cpp; sourceTree = "<group>"; };
		7F138243277505B600ED6D67 /* defs.h */ = {isa = PBXFileReference; fileEncoding = 4; lastKnownFileType = sourcecode.c.h; path = defs.h; sourceTree = "<group>"; };
		7F13824C277505B600ED6D67 /* common_engine_impl.h */ = {isa = PBXFileReference; fileEncoding = 4; lastKnownFileType = sourcecode.c.h; path = common_engine_impl.h; sourceTree = "<group>"; };
		7F138250277505B600ED6D67 /* common_engine.h */ = {isa = PBXFileReference; fileEncoding = 4; lastKnownFileType = sourcecode.c.h; path = common_engine.h; sourceTree = "<group>"; };
		7F138251277505B600ED6D67 /* common.h */ = {isa = PBXFileReference; fileEncoding = 4; lastKnownFileType = sourcecode.c.h; path = common.h; sourceTree = "<group>"; };
		7F1382A727750AC000ED6D67 /* common_sdl.h */ = {isa = PBXFileReference; lastKnownFileType = sourcecode.c.h; path = common_sdl.h; sourceTree = "<group>"; };
		7F61F29F2770A17B0037FA21 /* Metal.framework */ = {isa = PBXFileReference; lastKnownFileType = wrapper.framework; name = Metal.framework; path = System/Library/Frameworks/Metal.framework; sourceTree = SDKROOT; };
		7F64288227779CD400EE9E2C /* character_renderer.cpp */ = {isa = PBXFileReference; lastKnownFileType = sourcecode.cpp.cpp; path = character_renderer.cpp; sourceTree = "<group>"; };
		7F64288327779CD400EE9E2C /* character_renderer.hpp */ = {isa = PBXFileReference; lastKnownFileType = sourcecode.cpp.h; path = character_renderer.hpp; sourceTree = "<group>"; };
		7F64288627779CED00EE9E2C /* character_renderer_interface.h */ = {isa = PBXFileReference; lastKnownFileType = sourcecode.c.h; path = character_renderer_interface.h; sourceTree = "<group>"; };
		7F6428882777C51D00EE9E2C /* character_interface.h */ = {isa = PBXFileReference; lastKnownFileType = sourcecode.c.h; path = character_interface.h; sourceTree = "<group>"; };
		7F64288B2777C59D00EE9E2C /* character.cpp */ = {isa = PBXFileReference; lastKnownFileType = sourcecode.cpp.cpp; path = character.cpp; sourceTree = "<group>"; };
		7F64288C2777C59D00EE9E2C /* character.hpp */ = {isa = PBXFileReference; lastKnownFileType = sourcecode.cpp.h; path = character.hpp; sourceTree = "<group>"; };
		7F7967C927752175003ABD3E /* file_memory_buffer_stream_file.cpp */ = {isa = PBXFileReference; lastKnownFileType = sourcecode.cpp.cpp; path = file_memory_buffer_stream_file.cpp; sourceTree = "<group>"; };
		7F7967CD27752191003ABD3E /* file_memory_buffer_stream_resource.cpp */ = {isa = PBXFileReference; lastKnownFileType = sourcecode.cpp.cpp; path = file_memory_buffer_stream_resource.cpp; sourceTree = "<group>"; };
		7FDDAF9C2776873900578F86 /* room.cpp */ = {isa = PBXFileReference; lastKnownFileType = sourcecode.cpp.cpp; path = room.cpp; sourceTree = "<group>"; };
		7FDDAF9D2776873900578F86 /* room.hpp */ = {isa = PBXFileReference; lastKnownFileType = sourcecode.cpp.h; path = room.hpp; sourceTree = "<group>"; };
/* End PBXFileReference section */

/* Begin PBXFrameworksBuildPhase section */
		7F1382132775059B00ED6D67 /* Frameworks */ = {
			isa = PBXFrameworksBuildPhase;
			buildActionMask = 2147483647;
			files = (
			);
			runOnlyForDeploymentPostprocessing = 0;
		};
/* End PBXFrameworksBuildPhase section */

/* Begin PBXGroup section */
		7F138219277505B600ED6D67 /* src */ = {
			isa = PBXGroup;
			children = (
				7F138243277505B600ED6D67 /* defs.h */,
				7F138251277505B600ED6D67 /* common.h */,
				7F138250277505B600ED6D67 /* common_engine.h */,
				7F13824C277505B600ED6D67 /* common_engine_impl.h */,
				7F1382A727750AC000ED6D67 /* common_sdl.h */,
				7FDDAF9A2776872100578F86 /* Game */,
				7F13821A277505B600ED6D67 /* Renderer */,
			);
			name = src;
			path = ../../src;
			sourceTree = "<group>";
		};
		7F13821A277505B600ED6D67 /* Renderer */ = {
			isa = PBXGroup;
			children = (
				7F13821B277505B600ED6D67 /* Textures */,
				7F13821F277505B600ED6D67 /* Scripting */,
				7F138223277505B600ED6D67 /* Engine Provider */,
				7F13822A277505B600ED6D67 /* File Access */,
				7F13822E277505B600ED6D67 /* Sprites */,
				7F13823B277505B600ED6D67 /* Fonts */,
				7F13823F277505B600ED6D67 /* Engine */,
			);
			path = Renderer;
			sourceTree = "<group>";
		};
		7F13821B277505B600ED6D67 /* Textures */ = {
			isa = PBXGroup;
			children = (
				7F13821D277505B600ED6D67 /* texture_interface.h */,
				7F13821E277505B600ED6D67 /* texture.hpp */,
				7F13821C277505B600ED6D67 /* texture.cpp */,
			);
			path = Textures;
			sourceTree = "<group>";
		};
		7F13821F277505B600ED6D67 /* Scripting */ = {
			isa = PBXGroup;
			children = (
				7F138221277505B600ED6D67 /* scripting_engine_provider_interface.h */,
				7F138222277505B600ED6D67 /* scripting_engine.hpp */,
				7F138220277505B600ED6D67 /* scripting_engine.cpp */,
			);
			path = Scripting;
			sourceTree = "<group>";
		};
		7F138223277505B600ED6D67 /* Engine Provider */ = {
			isa = PBXGroup;
			children = (
				7F138224277505B600ED6D67 /* engine_provider.hpp */,
				7F138225277505B600ED6D67 /* event_provider.cpp */,
				7F138226277505B600ED6D67 /* event_provider.hpp */,
				7F138227277505B600ED6D67 /* event_provider_interface.h */,
				7F138228277505B600ED6D67 /* engine_provider_interface.h */,
				7F138229277505B600ED6D67 /* engine_provider.cpp */,
			);
			path = "Engine Provider";
			sourceTree = "<group>";
		};
		7F13822A277505B600ED6D67 /* File Access */ = {
			isa = PBXGroup;
			children = (
				7F13822D277505B600ED6D67 /* file_access_provider.h */,
				7F13822C277505B600ED6D67 /* file_access.hpp */,
				7F13822B277505B600ED6D67 /* file_access.mm */,
				7F7967C927752175003ABD3E /* file_memory_buffer_stream_file.cpp */,
				7F7967CD27752191003ABD3E /* file_memory_buffer_stream_resource.cpp */,
			);
			path = "File Access";
			sourceTree = "<group>";
		};
		7F13822E277505B600ED6D67 /* Sprites */ = {
			isa = PBXGroup;
			children = (
				7F138239277505B600ED6D67 /* sprite_interface_defs.h */,
				7F138237277505B600ED6D67 /* sprite_atlas_interface.h */,
				7F138232277505B600ED6D67 /* sprite_atlas.hpp */,
				7F13823A277505B600ED6D67 /* sprite_atlas.cpp */,
				7F138230277505B600ED6D67 /* sprite_draw_interface.h */,
				7F13822F277505B600ED6D67 /* sprite_draw_static.hpp */,
				7F138238277505B600ED6D67 /* sprite_draw_static.cpp */,
				7F138235277505B600ED6D67 /* sprite_draw_animated.hpp */,
				7F138233277505B600ED6D67 /* sprite_draw_animated.cpp */,
			);
			path = Sprites;
			sourceTree = "<group>";
		};
		7F13823B277505B600ED6D67 /* Fonts */ = {
			isa = PBXGroup;
			children = (
				7F13823C277505B600ED6D67 /* font.cpp */,
				7F13823D277505B600ED6D67 /* font_interface.h */,
				7F13823E277505B600ED6D67 /* font.hpp */,
			);
			path = Fonts;
			sourceTree = "<group>";
		};
		7F13823F277505B600ED6D67 /* Engine */ = {
			isa = PBXGroup;
			children = (
				7F138241277505B600ED6D67 /* engine_interface.h */,
				7F138240277505B600ED6D67 /* engine.hpp */,
				7F138242277505B600ED6D67 /* engine.cpp */,
			);
			path = Engine;
			sourceTree = "<group>";
		};
		7F3CAAD8277093D500E0D74C = {
			isa = PBXGroup;
			children = (
				7F138219277505B600ED6D67 /* src */,
				7F3CAAF52770944E00E0D74C /* Frameworks */,
				7F3CAAE2277093D500E0D74C /* Products */,
			);
			sourceTree = "<group>";
		};
		7F3CAAE2277093D500E0D74C /* Products */ = {
			isa = PBXGroup;
			children = (
				7F1382152775059B00ED6D67 /* libEngine.a */,
			);
			name = Products;
			sourceTree = "<group>";
		};
		7F3CAAF52770944E00E0D74C /* Frameworks */ = {
			isa = PBXGroup;
			children = (
				7F61F29F2770A17B0037FA21 /* Metal.framework */,
			);
			path = Frameworks;
			sourceTree = "<group>";
		};
		7F64288127779CCA00EE9E2C /* Character */ = {
			isa = PBXGroup;
			children = (
				7F64288627779CED00EE9E2C /* character_renderer_interface.h */,
				7F64288327779CD400EE9E2C /* character_renderer.hpp */,
				7F64288227779CD400EE9E2C /* character_renderer.cpp */,
				7F6428882777C51D00EE9E2C /* character_interface.h */,
				7F64288C2777C59D00EE9E2C /* character.hpp */,
				7F64288B2777C59D00EE9E2C /* character.cpp */,
			);
			path = Character;
			sourceTree = "<group>";
		};
		7FDDAF9A2776872100578F86 /* Game */ = {
			isa = PBXGroup;
			children = (
				7F64288127779CCA00EE9E2C /* Character */,
				7FDDAF9B2776872A00578F86 /* Room */,
			);
			path = Game;
			sourceTree = "<group>";
		};
		7FDDAF9B2776872A00578F86 /* Room */ = {
			isa = PBXGroup;
			children = (
				7FDDAF9D2776873900578F86 /* room.hpp */,
				7FDDAF9C2776873900578F86 /* room.cpp */,
			);
			path = Room;
			sourceTree = "<group>";
		};
/* End PBXGroup section */

/* Begin PBXHeadersBuildPhase section */
		7F1382112775059B00ED6D67 /* Headers */ = {
			isa = PBXHeadersBuildPhase;
			buildActionMask = 2147483647;
			files = (
				7F64288E2777C59D00EE9E2C /* character.hpp in Headers */,
				7F138264277505B600ED6D67 /* file_access.hpp in Headers */,
				7F13826E277505B600ED6D67 /* sprite_draw_animated.hpp in Headers */,
				7F64288A2777C51D00EE9E2C /* character_interface.h in Headers */,
				7F138266277505B600ED6D67 /* sprite_draw_static.hpp in Headers */,
				7F138270277505B600ED6D67 /* sprite_atlas_interface.h in Headers */,
				7F138255277505B600ED6D67 /* texture.hpp in Headers */,
				7FDDAF9F2776873900578F86 /* room.hpp in Headers */,
				7F138278277505B600ED6D67 /* font_interface.h in Headers */,
				7F13825F277505B600ED6D67 /* engine_provider_interface.h in Headers */,
				7F138273277505B600ED6D67 /* sprite_interface_defs.h in Headers */,
				7F13825A277505B600ED6D67 /* engine_provider.hpp in Headers */,
				7F64288527779CD400EE9E2C /* character_renderer.hpp in Headers */,
				7F13827E277505B600ED6D67 /* defs.h in Headers */,
				7F138267277505B600ED6D67 /* sprite_draw_interface.h in Headers */,
				7F138258277505B600ED6D67 /* scripting_engine_provider_interface.h in Headers */,
				7F138279277505B600ED6D67 /* font.hpp in Headers */,
				7F138259277505B600ED6D67 /* scripting_engine.hpp in Headers */,
				7F138269277505B600ED6D67 /* sprite_atlas.hpp in Headers */,
				7F13825D277505B600ED6D67 /* event_provider.hpp in Headers */,
				7F13828B277505B600ED6D67 /* common.h in Headers */,
				7F138265277505B600ED6D67 /* file_access_provider.h in Headers */,
				7F13828A277505B600ED6D67 /* common_engine.h in Headers */,
				7F13827B277505B600ED6D67 /* engine_interface.h in Headers */,
				7F138286277505B600ED6D67 /* common_engine_impl.h in Headers */,
				7F138254277505B600ED6D67 /* texture_interface.h in Headers */,
				7F13825E277505B600ED6D67 /* event_provider_interface.h in Headers */,
				7F13827A277505B600ED6D67 /* engine.hpp in Headers */,
			);
			runOnlyForDeploymentPostprocessing = 0;
		};
/* End PBXHeadersBuildPhase section */

/* Begin PBXNativeTarget section */
		7F1382142775059B00ED6D67 /* Engine */ = {
			isa = PBXNativeTarget;
			buildConfigurationList = 7F1382162775059B00ED6D67 /* Build configuration list for PBXNativeTarget "Engine" */;
			buildPhases = (
				7F1382112775059B00ED6D67 /* Headers */,
				7F1382122775059B00ED6D67 /* Sources */,
				7F1382132775059B00ED6D67 /* Frameworks */,
			);
			buildRules = (
			);
			dependencies = (
			);
			name = Engine;
			productName = Engine;
			productReference = 7F1382152775059B00ED6D67 /* libEngine.a */;
			productType = "com.apple.product-type.library.static";
		};
/* End PBXNativeTarget section */

/* Begin PBXProject section */
		7F3CAAD9277093D500E0D74C /* Project object */ = {
			isa = PBXProject;
			attributes = {
				BuildIndependentTargetsInParallel = 1;
				LastUpgradeCheck = 1310;
				TargetAttributes = {
					7F1382142775059B00ED6D67 = {
						CreatedOnToolsVersion = 13.1;
					};
				};
			};
			buildConfigurationList = 7F3CAADC277093D500E0D74C /* Build configuration list for PBXProject "Engine" */;
			compatibilityVersion = "Xcode 13.0";
			developmentRegion = en;
			hasScannedForEncodings = 0;
			knownRegions = (
				en,
				Base,
			);
			mainGroup = 7F3CAAD8277093D500E0D74C;
			productRefGroup = 7F3CAAE2277093D500E0D74C /* Products */;
			projectDirPath = "";
			projectRoot = "";
			targets = (
				7F1382142775059B00ED6D67 /* Engine */,
			);
		};
/* End PBXProject section */

/* Begin PBXSourcesBuildPhase section */
		7F1382122775059B00ED6D67 /* Sources */ = {
			isa = PBXSourcesBuildPhase;
			buildActionMask = 2147483647;
			files = (
				7F138261277505B600ED6D67 /* engine_provider.cpp in Sources */,
				7F13826B277505B600ED6D67 /* sprite_draw_animated.cpp in Sources */,
				7FDDAF9E2776873900578F86 /* room.cpp in Sources */,
				7F64288427779CD400EE9E2C /* character_renderer.cpp in Sources */,
				7F138275277505B600ED6D67 /* sprite_atlas.cpp in Sources */,
				7F64288D2777C59D00EE9E2C /* character.cpp in Sources */,
				7F138272277505B600ED6D67 /* sprite_draw_static.cpp in Sources */,
				7F13825C277505B600ED6D67 /* event_provider.cpp in Sources */,
				7F7967CF27752191003ABD3E /* file_memory_buffer_stream_resource.cpp in Sources */,
				7F7967CB27752175003ABD3E /* file_memory_buffer_stream_file.cpp in Sources */,
				7F138253277505B600ED6D67 /* texture.cpp in Sources */,
				7F138263277505B600ED6D67 /* file_access.mm in Sources */,
				7F138277277505B600ED6D67 /* font.cpp in Sources */,
				7F138257277505B600ED6D67 /* scripting_engine.cpp in Sources */,
				7F13827D277505B600ED6D67 /* engine.cpp in Sources */,
			);
			runOnlyForDeploymentPostprocessing = 0;
		};
/* End PBXSourcesBuildPhase section */

/* Begin XCBuildConfiguration section */
		7F1382172775059B00ED6D67 /* Debug */ = {
			isa = XCBuildConfiguration;
			buildSettings = {
				CODE_SIGN_STYLE = Automatic;
				DEVELOPMENT_TEAM = 75FQAVWUP3;
				EXECUTABLE_PREFIX = lib;
				PRODUCT_NAME = "$(TARGET_NAME)";
				SKIP_INSTALL = YES;
			};
			name = Debug;
		};
		7F1382182775059B00ED6D67 /* Release */ = {
			isa = XCBuildConfiguration;
			buildSettings = {
				CODE_SIGN_STYLE = Automatic;
				DEVELOPMENT_TEAM = 75FQAVWUP3;
				EXECUTABLE_PREFIX = lib;
				PRODUCT_NAME = "$(TARGET_NAME)";
				SKIP_INSTALL = YES;
			};
			name = Release;
		};
		7F3CAAEF277093D600E0D74C /* Debug */ = {
			isa = XCBuildConfiguration;
			buildSettings = {
				ALWAYS_SEARCH_USER_PATHS = NO;
				CLANG_ANALYZER_NONNULL = YES;
				CLANG_ANALYZER_NUMBER_OBJECT_CONVERSION = YES_AGGRESSIVE;
				CLANG_CXX_LANGUAGE_STANDARD = "gnu++17";
				CLANG_CXX_LIBRARY = "libc++";
				CLANG_ENABLE_MODULES = YES;
				CLANG_ENABLE_OBJC_ARC = YES;
				CLANG_ENABLE_OBJC_WEAK = YES;
				CLANG_WARN_BLOCK_CAPTURE_AUTORELEASING = YES;
				CLANG_WARN_BOOL_CONVERSION = YES;
				CLANG_WARN_COMMA = YES;
				CLANG_WARN_CONSTANT_CONVERSION = YES;
				CLANG_WARN_DEPRECATED_OBJC_IMPLEMENTATIONS = YES;
				CLANG_WARN_DIRECT_OBJC_ISA_USAGE = YES_ERROR;
				CLANG_WARN_DOCUMENTATION_COMMENTS = YES;
				CLANG_WARN_EMPTY_BODY = YES;
				CLANG_WARN_ENUM_CONVERSION = YES;
				CLANG_WARN_INFINITE_RECURSION = YES;
				CLANG_WARN_INT_CONVERSION = YES;
				CLANG_WARN_NON_LITERAL_NULL_CONVERSION = YES;
				CLANG_WARN_OBJC_IMPLICIT_RETAIN_SELF = YES;
				CLANG_WARN_OBJC_LITERAL_CONVERSION = YES;
				CLANG_WARN_OBJC_ROOT_CLASS = YES_ERROR;
				CLANG_WARN_RANGE_LOOP_ANALYSIS = YES;
				CLANG_WARN_STRICT_PROTOTYPES = YES;
				CLANG_WARN_SUSPICIOUS_MOVE = YES;
				CLANG_WARN_UNGUARDED_AVAILABILITY = YES_AGGRESSIVE;
				CLANG_WARN_UNREACHABLE_CODE = YES;
				CLANG_WARN__DUPLICATE_METHOD_MATCH = YES;
				COPY_PHASE_STRIP = NO;
				DEBUG_INFORMATION_FORMAT = dwarf;
				ENABLE_STRICT_OBJC_MSGSEND = YES;
				ENABLE_TESTABILITY = YES;
				FRAMEWORK_SEARCH_PATHS = (
					"$(SRCROOT)/../../../Libraries/SDL_image-main/Xcode/Frameworks",
					"$(SRCROOT)/../../../Frameworks",
				);
				GCC_C_LANGUAGE_STANDARD = gnu11;
				GCC_DYNAMIC_NO_PIC = NO;
				GCC_NO_COMMON_BLOCKS = YES;
				GCC_OPTIMIZATION_LEVEL = 0;
				GCC_PREPROCESSOR_DEFINITIONS = (
					"DEBUG=1",
					"$(inherited)",
				);
				GCC_WARN_64_TO_32_BIT_CONVERSION = YES;
				GCC_WARN_ABOUT_RETURN_TYPE = YES_ERROR;
				GCC_WARN_UNDECLARED_SELECTOR = YES;
				GCC_WARN_UNINITIALIZED_AUTOS = YES_AGGRESSIVE;
				GCC_WARN_UNUSED_FUNCTION = YES;
				GCC_WARN_UNUSED_VARIABLE = YES;
				HEADER_SEARCH_PATHS = (
					"$(SRCROOT)/../../../Frameworks/SDL2.framework/Headers",
					"$(SRCROOT)/../../../Libraries/Lua/code/src",
					"$(SRCROOT)/../../../Libraries/SDL_image-main",
					"$(SRCROOT)/../../../Libraries/SDL_ttf-main",
					"$(SRCROOT)/../../../Libraries/cJson/cJson",
				);
				MACOSX_DEPLOYMENT_TARGET = 10.9;
				MTL_ENABLE_DEBUG_INFO = INCLUDE_SOURCE;
				MTL_FAST_MATH = YES;
				ONLY_ACTIVE_ARCH = YES;
				OTHER_LDFLAGS = (
					"-weak_framework",
					webp,
				);
				SDKROOT = macosx;
			};
			name = Debug;
		};
		7F3CAAF0277093D600E0D74C /* Release */ = {
			isa = XCBuildConfiguration;
			buildSettings = {
				ALWAYS_SEARCH_USER_PATHS = NO;
				CLANG_ANALYZER_NONNULL = YES;
				CLANG_ANALYZER_NUMBER_OBJECT_CONVERSION = YES_AGGRESSIVE;
				CLANG_CXX_LANGUAGE_STANDARD = "gnu++17";
				CLANG_CXX_LIBRARY = "libc++";
				CLANG_ENABLE_MODULES = YES;
				CLANG_ENABLE_OBJC_ARC = YES;
				CLANG_ENABLE_OBJC_WEAK = YES;
				CLANG_WARN_BLOCK_CAPTURE_AUTORELEASING = YES;
				CLANG_WARN_BOOL_CONVERSION = YES;
				CLANG_WARN_COMMA = YES;
				CLANG_WARN_CONSTANT_CONVERSION = YES;
				CLANG_WARN_DEPRECATED_OBJC_IMPLEMENTATIONS = YES;
				CLANG_WARN_DIRECT_OBJC_ISA_USAGE = YES_ERROR;
				CLANG_WARN_DOCUMENTATION_COMMENTS = YES;
				CLANG_WARN_EMPTY_BODY = YES;
				CLANG_WARN_ENUM_CONVERSION = YES;
				CLANG_WARN_INFINITE_RECURSION = YES;
				CLANG_WARN_INT_CONVERSION = YES;
				CLANG_WARN_NON_LITERAL_NULL_CONVERSION = YES;
				CLANG_WARN_OBJC_IMPLICIT_RETAIN_SELF = YES;
				CLANG_WARN_OBJC_LITERAL_CONVERSION = YES;
				CLANG_WARN_OBJC_ROOT_CLASS = YES_ERROR;
				CLANG_WARN_RANGE_LOOP_ANALYSIS = YES;
				CLANG_WARN_STRICT_PROTOTYPES = YES;
				CLANG_WARN_SUSPICIOUS_MOVE = YES;
				CLANG_WARN_UNGUARDED_AVAILABILITY = YES_AGGRESSIVE;
				CLANG_WARN_UNREACHABLE_CODE = YES;
				CLANG_WARN__DUPLICATE_METHOD_MATCH = YES;
				COPY_PHASE_STRIP = NO;
				DEBUG_INFORMATION_FORMAT = "dwarf-with-dsym";
				ENABLE_NS_ASSERTIONS = NO;
				ENABLE_STRICT_OBJC_MSGSEND = YES;
				FRAMEWORK_SEARCH_PATHS = (
					"$(SRCROOT)/../../../Libraries/SDL_image-main/Xcode/Frameworks",
					"$(SRCROOT)/../../../Frameworks",
				);
				GCC_C_LANGUAGE_STANDARD = gnu11;
				GCC_NO_COMMON_BLOCKS = YES;
				GCC_WARN_64_TO_32_BIT_CONVERSION = YES;
				GCC_WARN_ABOUT_RETURN_TYPE = YES_ERROR;
				GCC_WARN_UNDECLARED_SELECTOR = YES;
				GCC_WARN_UNINITIALIZED_AUTOS = YES_AGGRESSIVE;
				GCC_WARN_UNUSED_FUNCTION = YES;
				GCC_WARN_UNUSED_VARIABLE = YES;
				HEADER_SEARCH_PATHS = (
					"$(SRCROOT)/../../../Frameworks/SDL2.framework/Headers",
					"$(SRCROOT)/../../../Libraries/Lua/code/src",
					"$(SRCROOT)/../../../Libraries/SDL_image-main",
					"$(SRCROOT)/../../../Libraries/SDL_ttf-main",
					"$(SRCROOT)/../../../Libraries/cJson/cJson",
				);
				MACOSX_DEPLOYMENT_TARGET = 10.9;
				MTL_ENABLE_DEBUG_INFO = NO;
				MTL_FAST_MATH = YES;
				OTHER_LDFLAGS = (
					"-weak_framework",
					webp,
				);
				SDKROOT = macosx;
			};
			name = Release;
		};
/* End XCBuildConfiguration section */

/* Begin XCConfigurationList section */
		7F1382162775059B00ED6D67 /* Build configuration list for PBXNativeTarget "Engine" */ = {
			isa = XCConfigurationList;
			buildConfigurations = (
				7F1382172775059B00ED6D67 /* Debug */,
				7F1382182775059B00ED6D67 /* Release */,
			);
			defaultConfigurationIsVisible = 0;
			defaultConfigurationName = Release;
		};
		7F3CAADC277093D500E0D74C /* Build configuration list for PBXProject "Engine" */ = {
			isa = XCConfigurationList;
			buildConfigurations = (
				7F3CAAEF277093D600E0D74C /* Debug */,
				7F3CAAF0277093D600E0D74C /* Release */,
			);
			defaultConfigurationIsVisible = 0;
			defaultConfigurationName = Release;
		};
/* End XCConfigurationList section */
	};
	rootObject = 7F3CAAD9277093D500E0D74C /* Project object */;
}
