// !$*UTF8*$!
{
	archiveVersion = 1;
	classes = {
	};
	objectVersion = 55;
	objects = {

/* Begin PBXBuildFile section */
		7F7967DE2775F75A003ABD3E /* main.cpp in Sources */ = {isa = PBXBuildFile; fileRef = 7F7967DD2775F75A003ABD3E /* main.cpp */; };
		7F7967F12775F7DF003ABD3E /* pack_mule.cpp in Sources */ = {isa = PBXBuildFile; fileRef = 7F7967EF2775F7DF003ABD3E /* pack_mule.cpp */; };
		7F7967F427760D89003ABD3E /* file_wrapper.cpp in Sources */ = {isa = PBXBuildFile; fileRef = 7F7967F227760D89003ABD3E /* file_wrapper.cpp */; };
		7F7967F727761586003ABD3E /* pack_bundle.cpp in Sources */ = {isa = PBXBuildFile; fileRef = 7F7967F527761586003ABD3E /* pack_bundle.cpp */; };
/* End PBXBuildFile section */

/* Begin PBXCopyFilesBuildPhase section */
		7F7967D82775F75A003ABD3E /* CopyFiles */ = {
			isa = PBXCopyFilesBuildPhase;
			buildActionMask = 2147483647;
			dstPath = /usr/share/man/man1/;
			dstSubfolderSpec = 0;
			files = (
			);
			runOnlyForDeploymentPostprocessing = 1;
		};
/* End PBXCopyFilesBuildPhase section */

/* Begin PBXFileReference section */
		7F7967DA2775F75A003ABD3E /* Packmule */ = {isa = PBXFileReference; explicitFileType = "compiled.mach-o.executable"; includeInIndex = 0; path = Packmule; sourceTree = BUILT_PRODUCTS_DIR; };
		7F7967DD2775F75A003ABD3E /* main.cpp */ = {isa = PBXFileReference; lastKnownFileType = sourcecode.cpp.cpp; path = main.cpp; sourceTree = "<group>"; };
		7F7967EF2775F7DF003ABD3E /* pack_mule.cpp */ = {isa = PBXFileReference; lastKnownFileType = sourcecode.cpp.cpp; path = pack_mule.cpp; sourceTree = "<group>"; };
		7F7967F02775F7DF003ABD3E /* pack_mule.hpp */ = {isa = PBXFileReference; lastKnownFileType = sourcecode.cpp.h; path = pack_mule.hpp; sourceTree = "<group>"; };
		7F7967F227760D89003ABD3E /* file_wrapper.cpp */ = {isa = PBXFileReference; lastKnownFileType = sourcecode.cpp.cpp; path = file_wrapper.cpp; sourceTree = "<group>"; };
		7F7967F327760D89003ABD3E /* file_wrapper.hpp */ = {isa = PBXFileReference; lastKnownFileType = sourcecode.cpp.h; path = file_wrapper.hpp; sourceTree = "<group>"; };
		7F7967F527761586003ABD3E /* pack_bundle.cpp */ = {isa = PBXFileReference; lastKnownFileType = sourcecode.cpp.cpp; path = pack_bundle.cpp; sourceTree = "<group>"; };
		7F7967F627761586003ABD3E /* pack_bundle.hpp */ = {isa = PBXFileReference; lastKnownFileType = sourcecode.cpp.h; path = pack_bundle.hpp; sourceTree = "<group>"; };
/* End PBXFileReference section */

/* Begin PBXFrameworksBuildPhase section */
		7F7967D72775F75A003ABD3E /* Frameworks */ = {
			isa = PBXFrameworksBuildPhase;
			buildActionMask = 2147483647;
			files = (
			);
			runOnlyForDeploymentPostprocessing = 0;
		};
/* End PBXFrameworksBuildPhase section */

/* Begin PBXGroup section */
		7F7967D12775F75A003ABD3E = {
			isa = PBXGroup;
			children = (
				7F7967DC2775F75A003ABD3E /* Packmule */,
				7F7967DB2775F75A003ABD3E /* Products */,
			);
			sourceTree = "<group>";
		};
		7F7967DB2775F75A003ABD3E /* Products */ = {
			isa = PBXGroup;
			children = (
				7F7967DA2775F75A003ABD3E /* Packmule */,
			);
			name = Products;
			sourceTree = "<group>";
		};
		7F7967DC2775F75A003ABD3E /* Packmule */ = {
			isa = PBXGroup;
			children = (
				7F7967DD2775F75A003ABD3E /* main.cpp */,
				7F7967F02775F7DF003ABD3E /* pack_mule.hpp */,
				7F7967EF2775F7DF003ABD3E /* pack_mule.cpp */,
				7F7967F327760D89003ABD3E /* file_wrapper.hpp */,
				7F7967F227760D89003ABD3E /* file_wrapper.cpp */,
				7F7967F627761586003ABD3E /* pack_bundle.hpp */,
				7F7967F527761586003ABD3E /* pack_bundle.cpp */,
			);
			path = Packmule;
			sourceTree = "<group>";
		};
/* End PBXGroup section */

/* Begin PBXNativeTarget section */
		7F7967D92775F75A003ABD3E /* Packmule */ = {
			isa = PBXNativeTarget;
			buildConfigurationList = 7F7967E12775F75A003ABD3E /* Build configuration list for PBXNativeTarget "Packmule" */;
			buildPhases = (
				7F7967D62775F75A003ABD3E /* Sources */,
				7F7967D72775F75A003ABD3E /* Frameworks */,
				7F7967D82775F75A003ABD3E /* CopyFiles */,
			);
			buildRules = (
			);
			dependencies = (
			);
			name = Packmule;
			productName = Packmule;
			productReference = 7F7967DA2775F75A003ABD3E /* Packmule */;
			productType = "com.apple.product-type.tool";
		};
/* End PBXNativeTarget section */

/* Begin PBXProject section */
		7F7967D22775F75A003ABD3E /* Project object */ = {
			isa = PBXProject;
			attributes = {
				BuildIndependentTargetsInParallel = 1;
				LastUpgradeCheck = 1310;
				TargetAttributes = {
					7F7967D92775F75A003ABD3E = {
						CreatedOnToolsVersion = 13.1;
					};
				};
			};
			buildConfigurationList = 7F7967D52775F75A003ABD3E /* Build configuration list for PBXProject "Packmule" */;
			compatibilityVersion = "Xcode 13.0";
			developmentRegion = en;
			hasScannedForEncodings = 0;
			knownRegions = (
				en,
				Base,
			);
			mainGroup = 7F7967D12775F75A003ABD3E;
			productRefGroup = 7F7967DB2775F75A003ABD3E /* Products */;
			projectDirPath = "";
			projectRoot = "";
			targets = (
				7F7967D92775F75A003ABD3E /* Packmule */,
			);
		};
/* End PBXProject section */

/* Begin PBXSourcesBuildPhase section */
		7F7967D62775F75A003ABD3E /* Sources */ = {
			isa = PBXSourcesBuildPhase;
			buildActionMask = 2147483647;
			files = (
				7F7967F727761586003ABD3E /* pack_bundle.cpp in Sources */,
				7F7967F427760D89003ABD3E /* file_wrapper.cpp in Sources */,
				7F7967DE2775F75A003ABD3E /* main.cpp in Sources */,
				7F7967F12775F7DF003ABD3E /* pack_mule.cpp in Sources */,
			);
			runOnlyForDeploymentPostprocessing = 0;
		};
/* End PBXSourcesBuildPhase section */

/* Begin XCBuildConfiguration section */
		7F7967DF2775F75A003ABD3E /* Debug */ = {
			isa = XCBuildConfiguration;
			buildSettings = {
				ALWAYS_SEARCH_USER_PATHS = NO;
				CLANG_ANALYZER_NONNULL = YES;
				CLANG_ANALYZER_NUMBER_OBJECT_CONVERSION = YES_AGGRESSIVE;
				CLANG_CXX_LANGUAGE_STANDARD = "gnu++17";
				CLANG_CXX_LIBRARY = "libc++";
				CLANG_ENABLE_MODULES = YES;
				CLANG_ENABLE_OBJC_ARC = YES;
				CLANG_ENABLE_OBJC_WEAK = YES;
				CLANG_WARN_BLOCK_CAPTURE_AUTORELEASING = YES;
				CLANG_WARN_BOOL_CONVERSION = YES;
				CLANG_WARN_COMMA = YES;
				CLANG_WARN_CONSTANT_CONVERSION = YES;
				CLANG_WARN_DEPRECATED_OBJC_IMPLEMENTATIONS = YES;
				CLANG_WARN_DIRECT_OBJC_ISA_USAGE = YES_ERROR;
				CLANG_WARN_DOCUMENTATION_COMMENTS = YES;
				CLANG_WARN_EMPTY_BODY = YES;
				CLANG_WARN_ENUM_CONVERSION = YES;
				CLANG_WARN_INFINITE_RECURSION = YES;
				CLANG_WARN_INT_CONVERSION = YES;
				CLANG_WARN_NON_LITERAL_NULL_CONVERSION = YES;
				CLANG_WARN_OBJC_IMPLICIT_RETAIN_SELF = YES;
				CLANG_WARN_OBJC_LITERAL_CONVERSION = YES;
				CLANG_WARN_OBJC_ROOT_CLASS = YES_ERROR;
				CLANG_WARN_QUOTED_INCLUDE_IN_FRAMEWORK_HEADER = YES;
				CLANG_WARN_RANGE_LOOP_ANALYSIS = YES;
				CLANG_WARN_STRICT_PROTOTYPES = YES;
				CLANG_WARN_SUSPICIOUS_MOVE = YES;
				CLANG_WARN_UNGUARDED_AVAILABILITY = YES_AGGRESSIVE;
				CLANG_WARN_UNREACHABLE_CODE = YES;
				CLANG_WARN__DUPLICATE_METHOD_MATCH = YES;
				COPY_PHASE_STRIP = NO;
				DEBUG_INFORMATION_FORMAT = dwarf;
				ENABLE_STRICT_OBJC_MSGSEND = YES;
				ENABLE_TESTABILITY = YES;
				GCC_C_LANGUAGE_STANDARD = gnu11;
				GCC_DYNAMIC_NO_PIC = NO;
				GCC_NO_COMMON_BLOCKS = YES;
				GCC_OPTIMIZATION_LEVEL = 0;
				GCC_PREPROCESSOR_DEFINITIONS = (
					"DEBUG=1",
					"$(inherited)",
				);
				GCC_WARN_64_TO_32_BIT_CONVERSION = YES;
				GCC_WARN_ABOUT_RETURN_TYPE = YES_ERROR;
				GCC_WARN_UNDECLARED_SELECTOR = YES;
				GCC_WARN_UNINITIALIZED_AUTOS = YES_AGGRESSIVE;
				GCC_WARN_UNUSED_FUNCTION = YES;
				GCC_WARN_UNUSED_VARIABLE = YES;
				MACOSX_DEPLOYMENT_TARGET = 11.6;
				MTL_ENABLE_DEBUG_INFO = INCLUDE_SOURCE;
				MTL_FAST_MATH = YES;
				ONLY_ACTIVE_ARCH = YES;
				SDKROOT = macosx;
			};
			name = Debug;
		};
		7F7967E02775F75A003ABD3E /* Release */ = {
			isa = XCBuildConfiguration;
			buildSettings = {
				ALWAYS_SEARCH_USER_PATHS = NO;
				CLANG_ANALYZER_NONNULL = YES;
				CLANG_ANALYZER_NUMBER_OBJECT_CONVERSION = YES_AGGRESSIVE;
				CLANG_CXX_LANGUAGE_STANDARD = "gnu++17";
				CLANG_CXX_LIBRARY = "libc++";
				CLANG_ENABLE_MODULES = YES;
				CLANG_ENABLE_OBJC_ARC = YES;
				CLANG_ENABLE_OBJC_WEAK = YES;
				CLANG_WARN_BLOCK_CAPTURE_AUTORELEASING = YES;
				CLANG_WARN_BOOL_CONVERSION = YES;
				CLANG_WARN_COMMA = YES;
				CLANG_WARN_CONSTANT_CONVERSION = YES;
				CLANG_WARN_DEPRECATED_OBJC_IMPLEMENTATIONS = YES;
				CLANG_WARN_DIRECT_OBJC_ISA_USAGE = YES_ERROR;
				CLANG_WARN_DOCUMENTATION_COMMENTS = YES;
				CLANG_WARN_EMPTY_BODY = YES;
				CLANG_WARN_ENUM_CONVERSION = YES;
				CLANG_WARN_INFINITE_RECURSION = YES;
				CLANG_WARN_INT_CONVERSION = YES;
				CLANG_WARN_NON_LITERAL_NULL_CONVERSION = YES;
				CLANG_WARN_OBJC_IMPLICIT_RETAIN_SELF = YES;
				CLANG_WARN_OBJC_LITERAL_CONVERSION = YES;
				CLANG_WARN_OBJC_ROOT_CLASS = YES_ERROR;
				CLANG_WARN_QUOTED_INCLUDE_IN_FRAMEWORK_HEADER = YES;
				CLANG_WARN_RANGE_LOOP_ANALYSIS = YES;
				CLANG_WARN_STRICT_PROTOTYPES = YES;
				CLANG_WARN_SUSPICIOUS_MOVE = YES;
				CLANG_WARN_UNGUARDED_AVAILABILITY = YES_AGGRESSIVE;
				CLANG_WARN_UNREACHABLE_CODE = YES;
				CLANG_WARN__DUPLICATE_METHOD_MATCH = YES;
				COPY_PHASE_STRIP = NO;
				DEBUG_INFORMATION_FORMAT = "dwarf-with-dsym";
				ENABLE_NS_ASSERTIONS = NO;
				ENABLE_STRICT_OBJC_MSGSEND = YES;
				GCC_C_LANGUAGE_STANDARD = gnu11;
				GCC_NO_COMMON_BLOCKS = YES;
				GCC_WARN_64_TO_32_BIT_CONVERSION = YES;
				GCC_WARN_ABOUT_RETURN_TYPE = YES_ERROR;
				GCC_WARN_UNDECLARED_SELECTOR = YES;
				GCC_WARN_UNINITIALIZED_AUTOS = YES_AGGRESSIVE;
				GCC_WARN_UNUSED_FUNCTION = YES;
				GCC_WARN_UNUSED_VARIABLE = YES;
				MACOSX_DEPLOYMENT_TARGET = 11.6;
				MTL_ENABLE_DEBUG_INFO = NO;
				MTL_FAST_MATH = YES;
				SDKROOT = macosx;
			};
			name = Release;
		};
		7F7967E22775F75A003ABD3E /* Debug */ = {
			isa = XCBuildConfiguration;
			buildSettings = {
				CODE_SIGN_STYLE = Automatic;
				DEVELOPMENT_TEAM = 75FQAVWUP3;
				ENABLE_HARDENED_RUNTIME = YES;
				PRODUCT_NAME = "$(TARGET_NAME)";
			};
			name = Debug;
		};
		7F7967E32775F75A003ABD3E /* Release */ = {
			isa = XCBuildConfiguration;
			buildSettings = {
				CODE_SIGN_STYLE = Automatic;
				DEVELOPMENT_TEAM = 75FQAVWUP3;
				ENABLE_HARDENED_RUNTIME = YES;
				PRODUCT_NAME = "$(TARGET_NAME)";
			};
			name = Release;
		};
/* End XCBuildConfiguration section */

/* Begin XCConfigurationList section */
		7F7967D52775F75A003ABD3E /* Build configuration list for PBXProject "Packmule" */ = {
			isa = XCConfigurationList;
			buildConfigurations = (
				7F7967DF2775F75A003ABD3E /* Debug */,
				7F7967E02775F75A003ABD3E /* Release */,
			);
			defaultConfigurationIsVisible = 0;
			defaultConfigurationName = Release;
		};
		7F7967E12775F75A003ABD3E /* Build configuration list for PBXNativeTarget "Packmule" */ = {
			isa = XCConfigurationList;
			buildConfigurations = (
				7F7967E22775F75A003ABD3E /* Debug */,
				7F7967E32775F75A003ABD3E /* Release */,
			);
			defaultConfigurationIsVisible = 0;
			defaultConfigurationName = Release;
		};
/* End XCConfigurationList section */
	};
	rootObject = 7F7967D22775F75A003ABD3E /* Project object */;
}
