// !$*UTF8*$!
{
	archiveVersion = 1;
	classes = {
	};
	objectVersion = 55;
	objects = {

/* Begin PBXBuildFile section */
		7F2DAFE628E03B630044EF8D /* GameEntryPoint.hpp in Headers */ = {isa = PBXBuildFile; fileRef = 7F2DAFE528E03B630044EF8D /* GameEntryPoint.hpp */; };
		7F2DAFEA28E03B630044EF8D /* GameEntryPoint.cpp in Sources */ = {isa = PBXBuildFile; fileRef = 7F2DAFE928E03B630044EF8D /* GameEntryPoint.cpp */; };
		7F2DB01528E048870044EF8D /* GameResolutionState.hpp in Headers */ = {isa = PBXBuildFile; fileRef = 7F2DB01428E048660044EF8D /* GameResolutionState.hpp */; };
		7F2DB01B28E04D250044EF8D /* GameResolutionState.cpp in Sources */ = {isa = PBXBuildFile; fileRef = 7F2DB01A28E04D250044EF8D /* GameResolutionState.cpp */; };
		7FB91E1129A4BB3E006C93C2 /* main.ini in Resources */ = {isa = PBXBuildFile; fileRef = 7FB91E0929A4BA0E006C93C2 /* main.ini */; };
		7FB91E1229A4BB3E006C93C2 /* player_Idle.json in Resources */ = {isa = PBXBuildFile; fileRef = 7F18785928ED157800851F28 /* player_Idle.json */; };
		7FB91E1329A4BB3E006C93C2 /* player_Idle.png in Resources */ = {isa = PBXBuildFile; fileRef = 7F18785728ED157700851F28 /* player_Idle.png */; };
		7FB91E1429A4BB3E006C93C2 /* player_Idle.tga in Resources */ = {isa = PBXBuildFile; fileRef = 7F18785828ED157700851F28 /* player_Idle.tga */; };
		7FB91E1529A4BB3E006C93C2 /* background.json in Resources */ = {isa = PBXBuildFile; fileRef = 7FE9E2E128FA02E800AFE00A /* background.json */; };
		7FB91E1629A4BB3E006C93C2 /* background.png in Resources */ = {isa = PBXBuildFile; fileRef = 7F18785528ED156F00851F28 /* background.png */; };
		7FB91E1729A4BB3E006C93C2 /* background.tga in Resources */ = {isa = PBXBuildFile; fileRef = 7F18785628ED156F00851F28 /* background.tga */; };
		7FB91E1829A4BB3E006C93C2 /* at01.fnt in Resources */ = {isa = PBXBuildFile; fileRef = 7F18785228ED154B00851F28 /* at01.fnt */; };
		7FB91E1929A4BB3E006C93C2 /* at01.png in Resources */ = {isa = PBXBuildFile; fileRef = 7F18785128ED154B00851F28 /* at01.png */; };
		7FD0FB1D28E4E485008A4389 /* InertiaProcessor.cpp in Sources */ = {isa = PBXBuildFile; fileRef = 7FD0FB1B28E4E485008A4389 /* InertiaProcessor.cpp */; };
		7FD0FB1E28E4E485008A4389 /* InertiaProcessor.hpp in Headers */ = {isa = PBXBuildFile; fileRef = 7FD0FB1C28E4E485008A4389 /* InertiaProcessor.hpp */; };
		7FD0FB2128E4EBA7008A4389 /* GameInput.cpp in Sources */ = {isa = PBXBuildFile; fileRef = 7FD0FB1F28E4EBA7008A4389 /* GameInput.cpp */; };
		7FD0FB2228E4EBA7008A4389 /* GameInput.hpp in Headers */ = {isa = PBXBuildFile; fileRef = 7FD0FB2028E4EBA7008A4389 /* GameInput.hpp */; };
		7FE6D57328E051DB00A78E06 /* game_scene_interface.hpp in Headers */ = {isa = PBXBuildFile; fileRef = 7FE6D57128E051DB00A78E06 /* game_scene_interface.hpp */; };
		7FE6D57628E051FF00A78E06 /* GameSceneCoordinator.cpp in Sources */ = {isa = PBXBuildFile; fileRef = 7FE6D57428E051FF00A78E06 /* GameSceneCoordinator.cpp */; };
		7FE6D57728E051FF00A78E06 /* GameSceneCoordinator.hpp in Headers */ = {isa = PBXBuildFile; fileRef = 7FE6D57528E051FF00A78E06 /* GameSceneCoordinator.hpp */; };
		7FE6D57C28E05A8A00A78E06 /* GameSceneIntro.cpp in Sources */ = {isa = PBXBuildFile; fileRef = 7FE6D57A28E05A8A00A78E06 /* GameSceneIntro.cpp */; };
		7FE6D57D28E05A8A00A78E06 /* GameSceneIntro.hpp in Headers */ = {isa = PBXBuildFile; fileRef = 7FE6D57B28E05A8A00A78E06 /* GameSceneIntro.hpp */; };
		7FE9E2F628FA070600AFE00A /* GameEntryPoint.cpp in Sources */ = {isa = PBXBuildFile; fileRef = 7F2DAFE928E03B630044EF8D /* GameEntryPoint.cpp */; };
		7FE9E2F728FA070600AFE00A /* GameResolutionState.cpp in Sources */ = {isa = PBXBuildFile; fileRef = 7F2DB01A28E04D250044EF8D /* GameResolutionState.cpp */; };
		7FE9E2F828FA070600AFE00A /* GameSceneCoordinator.cpp in Sources */ = {isa = PBXBuildFile; fileRef = 7FE6D57428E051FF00A78E06 /* GameSceneCoordinator.cpp */; };
		7FE9E2F928FA070600AFE00A /* GameSceneIntro.cpp in Sources */ = {isa = PBXBuildFile; fileRef = 7FE6D57A28E05A8A00A78E06 /* GameSceneIntro.cpp */; };
		7FE9E2FA28FA070600AFE00A /* InertiaProcessor.cpp in Sources */ = {isa = PBXBuildFile; fileRef = 7FD0FB1B28E4E485008A4389 /* InertiaProcessor.cpp */; };
		7FE9E2FB28FA070600AFE00A /* GameInput.cpp in Sources */ = {isa = PBXBuildFile; fileRef = 7FD0FB1F28E4EBA7008A4389 /* GameInput.cpp */; };
		7FE9E2FC28FA071300AFE00A /* game_include.hpp in Headers */ = {isa = PBXBuildFile; fileRef = 7F2DB01128E043C40044EF8D /* game_include.hpp */; };
		7FE9E2FD28FA071300AFE00A /* game_scene_interface.hpp in Headers */ = {isa = PBXBuildFile; fileRef = 7FE6D57128E051DB00A78E06 /* game_scene_interface.hpp */; };
		7FE9E2FE28FA071300AFE00A /* game_input_interface.hpp in Headers */ = {isa = PBXBuildFile; fileRef = 7FD0FB2328E4EC95008A4389 /* game_input_interface.hpp */; };
		7FE9E2FF28FA071300AFE00A /* GameEntryPoint.hpp in Headers */ = {isa = PBXBuildFile; fileRef = 7F2DAFE528E03B630044EF8D /* GameEntryPoint.hpp */; };
		7FE9E30028FA071300AFE00A /* GameResolutionState.hpp in Headers */ = {isa = PBXBuildFile; fileRef = 7F2DB01428E048660044EF8D /* GameResolutionState.hpp */; };
		7FE9E30128FA071300AFE00A /* GameSceneCoordinator.hpp in Headers */ = {isa = PBXBuildFile; fileRef = 7FE6D57528E051FF00A78E06 /* GameSceneCoordinator.hpp */; };
		7FE9E30228FA071300AFE00A /* GameSceneIntro.hpp in Headers */ = {isa = PBXBuildFile; fileRef = 7FE6D57B28E05A8A00A78E06 /* GameSceneIntro.hpp */; };
		7FE9E30328FA071300AFE00A /* InertiaProcessor.hpp in Headers */ = {isa = PBXBuildFile; fileRef = 7FD0FB1C28E4E485008A4389 /* InertiaProcessor.hpp */; };
		7FE9E30428FA071300AFE00A /* GameInput.hpp in Headers */ = {isa = PBXBuildFile; fileRef = 7FD0FB2028E4EBA7008A4389 /* GameInput.hpp */; };
		7FEA3F9729F4107200807305 /* ParticleEmitter.cpp in Sources */ = {isa = PBXBuildFile; fileRef = 7FEA3F9529F4107200807305 /* ParticleEmitter.cpp */; };
		7FEA3F9829F4107200807305 /* ParticleEmitter.cpp in Sources */ = {isa = PBXBuildFile; fileRef = 7FEA3F9529F4107200807305 /* ParticleEmitter.cpp */; };
		7FEA3F9929F4107200807305 /* ParticleEmitter.hpp in Headers */ = {isa = PBXBuildFile; fileRef = 7FEA3F9629F4107200807305 /* ParticleEmitter.hpp */; };
		7FEA3F9A29F4107200807305 /* ParticleEmitter.hpp in Headers */ = {isa = PBXBuildFile; fileRef = 7FEA3F9629F4107200807305 /* ParticleEmitter.hpp */; };
		7FEA3FA029F42BC600807305 /* smalls.json in Resources */ = {isa = PBXBuildFile; fileRef = 7FEA3F9E29F42BC500807305 /* smalls.json */; };
		7FEA3FA129F42BC600807305 /* smalls.png in Resources */ = {isa = PBXBuildFile; fileRef = 7FEA3F9F29F42BC500807305 /* smalls.png */; };
/* End PBXBuildFile section */

/* Begin PBXFileReference section */
		7F18784D28ED151000851F28 /* GameBundle.bundle */ = {isa = PBXFileReference; explicitFileType = wrapper.cfbundle; includeInIndex = 0; path = GameBundle.bundle; sourceTree = BUILT_PRODUCTS_DIR; };
		7F18785128ED154B00851F28 /* at01.png */ = {isa = PBXFileReference; lastKnownFileType = image.png; path = at01.png; sourceTree = "<group>"; };
		7F18785228ED154B00851F28 /* at01.fnt */ = {isa = PBXFileReference; fileEncoding = 4; lastKnownFileType = text; path = at01.fnt; sourceTree = "<group>"; };
		7F18785528ED156F00851F28 /* background.png */ = {isa = PBXFileReference; lastKnownFileType = image.png; path = background.png; sourceTree = "<group>"; };
		7F18785628ED156F00851F28 /* background.tga */ = {isa = PBXFileReference; lastKnownFileType = file; path = background.tga; sourceTree = "<group>"; };
		7F18785728ED157700851F28 /* player_Idle.png */ = {isa = PBXFileReference; lastKnownFileType = image.png; path = player_Idle.png; sourceTree = "<group>"; };
		7F18785828ED157700851F28 /* player_Idle.tga */ = {isa = PBXFileReference; lastKnownFileType = file; path = player_Idle.tga; sourceTree = "<group>"; };
		7F18785928ED157800851F28 /* player_Idle.json */ = {isa = PBXFileReference; lastKnownFileType = text.json; path = player_Idle.json; sourceTree = "<group>"; };
		7F2DAFE228E03B630044EF8D /* libGame-Mac.dylib */ = {isa = PBXFileReference; explicitFileType = "compiled.mach-o.dylib"; includeInIndex = 0; path = "libGame-Mac.dylib"; sourceTree = BUILT_PRODUCTS_DIR; };
		7F2DAFE528E03B630044EF8D /* GameEntryPoint.hpp */ = {isa = PBXFileReference; lastKnownFileType = sourcecode.cpp.h; path = GameEntryPoint.hpp; sourceTree = "<group>"; };
		7F2DAFE928E03B630044EF8D /* GameEntryPoint.cpp */ = {isa = PBXFileReference; lastKnownFileType = sourcecode.cpp.cpp; path = GameEntryPoint.cpp; sourceTree = "<group>"; };
		7F2DB01128E043C40044EF8D /* game_include.hpp */ = {isa = PBXFileReference; lastKnownFileType = sourcecode.cpp.h; path = game_include.hpp; sourceTree = "<group>"; };
		7F2DB01428E048660044EF8D /* GameResolutionState.hpp */ = {isa = PBXFileReference; lastKnownFileType = sourcecode.cpp.h; path = GameResolutionState.hpp; sourceTree = "<group>"; };
		7F2DB01A28E04D250044EF8D /* GameResolutionState.cpp */ = {isa = PBXFileReference; lastKnownFileType = sourcecode.cpp.cpp; path = GameResolutionState.cpp; sourceTree = "<group>"; };
		7FB91E0929A4BA0E006C93C2 /* main.ini */ = {isa = PBXFileReference; lastKnownFileType = text; path = main.ini; sourceTree = "<group>"; };
		7FD0FB1B28E4E485008A4389 /* InertiaProcessor.cpp */ = {isa = PBXFileReference; lastKnownFileType = sourcecode.cpp.cpp; path = InertiaProcessor.cpp; sourceTree = "<group>"; };
		7FD0FB1C28E4E485008A4389 /* InertiaProcessor.hpp */ = {isa = PBXFileReference; lastKnownFileType = sourcecode.cpp.h; path = InertiaProcessor.hpp; sourceTree = "<group>"; };
		7FD0FB1F28E4EBA7008A4389 /* GameInput.cpp */ = {isa = PBXFileReference; lastKnownFileType = sourcecode.cpp.cpp; path = GameInput.cpp; sourceTree = "<group>"; };
		7FD0FB2028E4EBA7008A4389 /* GameInput.hpp */ = {isa = PBXFileReference; lastKnownFileType = sourcecode.cpp.h; path = GameInput.hpp; sourceTree = "<group>"; };
		7FD0FB2328E4EC95008A4389 /* game_input_interface.hpp */ = {isa = PBXFileReference; lastKnownFileType = sourcecode.cpp.h; path = game_input_interface.hpp; sourceTree = "<group>"; };
		7FE6D57128E051DB00A78E06 /* game_scene_interface.hpp */ = {isa = PBXFileReference; lastKnownFileType = sourcecode.cpp.h; path = game_scene_interface.hpp; sourceTree = "<group>"; };
		7FE6D57428E051FF00A78E06 /* GameSceneCoordinator.cpp */ = {isa = PBXFileReference; lastKnownFileType = sourcecode.cpp.cpp; path = GameSceneCoordinator.cpp; sourceTree = "<group>"; };
		7FE6D57528E051FF00A78E06 /* GameSceneCoordinator.hpp */ = {isa = PBXFileReference; lastKnownFileType = sourcecode.cpp.h; path = GameSceneCoordinator.hpp; sourceTree = "<group>"; };
		7FE6D57A28E05A8A00A78E06 /* GameSceneIntro.cpp */ = {isa = PBXFileReference; lastKnownFileType = sourcecode.cpp.cpp; path = GameSceneIntro.cpp; sourceTree = "<group>"; };
		7FE6D57B28E05A8A00A78E06 /* GameSceneIntro.hpp */ = {isa = PBXFileReference; lastKnownFileType = sourcecode.cpp.h; path = GameSceneIntro.hpp; sourceTree = "<group>"; };
		7FE9E2E128FA02E800AFE00A /* background.json */ = {isa = PBXFileReference; lastKnownFileType = text.json; path = background.json; sourceTree = "<group>"; };
		7FE9E2E928FA05B600AFE00A /* libGame-iOS.dylib */ = {isa = PBXFileReference; explicitFileType = "compiled.mach-o.dylib"; includeInIndex = 0; path = "libGame-iOS.dylib"; sourceTree = BUILT_PRODUCTS_DIR; };
		7FEA3F9529F4107200807305 /* ParticleEmitter.cpp */ = {isa = PBXFileReference; lastKnownFileType = sourcecode.cpp.cpp; path = ParticleEmitter.cpp; sourceTree = "<group>"; };
		7FEA3F9629F4107200807305 /* ParticleEmitter.hpp */ = {isa = PBXFileReference; lastKnownFileType = sourcecode.cpp.h; path = ParticleEmitter.hpp; sourceTree = "<group>"; };
		7FEA3F9E29F42BC500807305 /* smalls.json */ = {isa = PBXFileReference; fileEncoding = 4; lastKnownFileType = text.json; path = smalls.json; sourceTree = "<group>"; };
		7FEA3F9F29F42BC500807305 /* smalls.png */ = {isa = PBXFileReference; lastKnownFileType = image.png; path = smalls.png; sourceTree = "<group>"; };
/* End PBXFileReference section */

/* Begin PBXFrameworksBuildPhase section */
		7F18784A28ED151000851F28 /* Frameworks */ = {
			isa = PBXFrameworksBuildPhase;
			buildActionMask = 2147483647;
			files = (
			);
			runOnlyForDeploymentPostprocessing = 0;
		};
		7F2DAFE028E03B630044EF8D /* Frameworks */ = {
			isa = PBXFrameworksBuildPhase;
			buildActionMask = 2147483647;
			files = (
			);
			runOnlyForDeploymentPostprocessing = 0;
		};
		7FE9E2E728FA05B600AFE00A /* Frameworks */ = {
			isa = PBXFrameworksBuildPhase;
			buildActionMask = 2147483647;
			files = (
			);
			runOnlyForDeploymentPostprocessing = 0;
		};
/* End PBXFrameworksBuildPhase section */

/* Begin PBXGroup section */
		7F11905728FB542B002ACB8F /* Shared */ = {
			isa = PBXGroup;
			children = (
				7FD0FB1C28E4E485008A4389 /* InertiaProcessor.hpp */,
				7FD0FB1B28E4E485008A4389 /* InertiaProcessor.cpp */,
				7FD0FB2028E4EBA7008A4389 /* GameInput.hpp */,
				7FD0FB1F28E4EBA7008A4389 /* GameInput.cpp */,
				7FEA3F9629F4107200807305 /* ParticleEmitter.hpp */,
				7FEA3F9529F4107200807305 /* ParticleEmitter.cpp */,
			);
			path = Shared;
			sourceTree = "<group>";
		};
		7F11905828FB5455002ACB8F /* Entry */ = {
			isa = PBXGroup;
			children = (
				7F2DAFE528E03B630044EF8D /* GameEntryPoint.hpp */,
				7F2DAFE928E03B630044EF8D /* GameEntryPoint.cpp */,
				7F2DB01428E048660044EF8D /* GameResolutionState.hpp */,
				7F2DB01A28E04D250044EF8D /* GameResolutionState.cpp */,
			);
			path = Entry;
			sourceTree = "<group>";
		};
		7F18784828ED14A500851F28 /* GameResources */ = {
			isa = PBXGroup;
			children = (
				7FB91E0929A4BA0E006C93C2 /* main.ini */,
				7F18785928ED157800851F28 /* player_Idle.json */,
				7F18785728ED157700851F28 /* player_Idle.png */,
				7F18785828ED157700851F28 /* player_Idle.tga */,
				7FE9E2E128FA02E800AFE00A /* background.json */,
				7F18785528ED156F00851F28 /* background.png */,
				7F18785628ED156F00851F28 /* background.tga */,
				7F18785228ED154B00851F28 /* at01.fnt */,
				7F18785128ED154B00851F28 /* at01.png */,
				7FEA3F9E29F42BC500807305 /* smalls.json */,
				7FEA3F9F29F42BC500807305 /* smalls.png */,
			);
			path = GameResources;
			sourceTree = "<group>";
		};
		7F2814DD28E198CC000FB2BC /* Interfaces */ = {
			isa = PBXGroup;
			children = (
				7FE6D57128E051DB00A78E06 /* game_scene_interface.hpp */,
				7FD0FB2328E4EC95008A4389 /* game_input_interface.hpp */,
			);
			path = Interfaces;
			sourceTree = "<group>";
		};
		7F2814DE28E198D5000FB2BC /* Headers */ = {
			isa = PBXGroup;
			children = (
				7F2DB01128E043C40044EF8D /* game_include.hpp */,
			);
			path = Headers;
			sourceTree = "<group>";
		};
		7F2DAFD928E03B630044EF8D = {
			isa = PBXGroup;
			children = (
				7F2DAFE428E03B630044EF8D /* Source */,
				7F18784828ED14A500851F28 /* GameResources */,
				7F2DAFE328E03B630044EF8D /* Products */,
			);
			sourceTree = "<group>";
		};
		7F2DAFE328E03B630044EF8D /* Products */ = {
			isa = PBXGroup;
			children = (
				7F2DAFE228E03B630044EF8D /* libGame-Mac.dylib */,
				7F18784D28ED151000851F28 /* GameBundle.bundle */,
				7FE9E2E928FA05B600AFE00A /* libGame-iOS.dylib */,
			);
			name = Products;
			sourceTree = "<group>";
		};
		7F2DAFE428E03B630044EF8D /* Source */ = {
			isa = PBXGroup;
			children = (
				7F2814DE28E198D5000FB2BC /* Headers */,
				7F2814DD28E198CC000FB2BC /* Interfaces */,
				7F11905728FB542B002ACB8F /* Shared */,
				7F11905828FB5455002ACB8F /* Entry */,
				7FE6D57528E051FF00A78E06 /* GameSceneCoordinator.hpp */,
				7FE6D57428E051FF00A78E06 /* GameSceneCoordinator.cpp */,
				7FE6D57B28E05A8A00A78E06 /* GameSceneIntro.hpp */,
				7FE6D57A28E05A8A00A78E06 /* GameSceneIntro.cpp */,
			);
			path = Source;
			sourceTree = "<group>";
		};
/* End PBXGroup section */

/* Begin PBXHeadersBuildPhase section */
		7F2DAFDE28E03B630044EF8D /* Headers */ = {
			isa = PBXHeadersBuildPhase;
			buildActionMask = 2147483647;
			files = (
				7F2DB01528E048870044EF8D /* GameResolutionState.hpp in Headers */,
				7FE6D57328E051DB00A78E06 /* game_scene_interface.hpp in Headers */,
				7FE6D57D28E05A8A00A78E06 /* GameSceneIntro.hpp in Headers */,
				7FE6D57728E051FF00A78E06 /* GameSceneCoordinator.hpp in Headers */,
				7FD0FB1E28E4E485008A4389 /* InertiaProcessor.hpp in Headers */,
				7F2DAFE628E03B630044EF8D /* GameEntryPoint.hpp in Headers */,
				7FD0FB2228E4EBA7008A4389 /* GameInput.hpp in Headers */,
				7FEA3F9929F4107200807305 /* ParticleEmitter.hpp in Headers */,
			);
			runOnlyForDeploymentPostprocessing = 0;
		};
		7FE9E2E528FA05B600AFE00A /* Headers */ = {
			isa = PBXHeadersBuildPhase;
			buildActionMask = 2147483647;
			files = (
				7FE9E2FC28FA071300AFE00A /* game_include.hpp in Headers */,
				7FE9E2FD28FA071300AFE00A /* game_scene_interface.hpp in Headers */,
				7FE9E2FE28FA071300AFE00A /* game_input_interface.hpp in Headers */,
				7FE9E2FF28FA071300AFE00A /* GameEntryPoint.hpp in Headers */,
				7FE9E30028FA071300AFE00A /* GameResolutionState.hpp in Headers */,
				7FE9E30128FA071300AFE00A /* GameSceneCoordinator.hpp in Headers */,
				7FE9E30228FA071300AFE00A /* GameSceneIntro.hpp in Headers */,
				7FEA3F9A29F4107200807305 /* ParticleEmitter.hpp in Headers */,
				7FE9E30328FA071300AFE00A /* InertiaProcessor.hpp in Headers */,
				7FE9E30428FA071300AFE00A /* GameInput.hpp in Headers */,
			);
			runOnlyForDeploymentPostprocessing = 0;
		};
/* End PBXHeadersBuildPhase section */

/* Begin PBXNativeTarget section */
		7F18784C28ED151000851F28 /* GameBundle */ = {
			isa = PBXNativeTarget;
			buildConfigurationList = 7F18784E28ED151000851F28 /* Build configuration list for PBXNativeTarget "GameBundle" */;
			buildPhases = (
				7F18784928ED151000851F28 /* Sources */,
				7F18784A28ED151000851F28 /* Frameworks */,
				7F18784B28ED151000851F28 /* Resources */,
			);
			buildRules = (
			);
			dependencies = (
			);
			name = GameBundle;
			productName = GameBundle;
			productReference = 7F18784D28ED151000851F28 /* GameBundle.bundle */;
			productType = "com.apple.product-type.bundle";
		};
		7F2DAFE128E03B630044EF8D /* Game-Mac */ = {
			isa = PBXNativeTarget;
			buildConfigurationList = 7F2DAFED28E03B630044EF8D /* Build configuration list for PBXNativeTarget "Game-Mac" */;
			buildPhases = (
				7F2DAFDE28E03B630044EF8D /* Headers */,
				7F2DAFDF28E03B630044EF8D /* Sources */,
				7F2DAFE028E03B630044EF8D /* Frameworks */,
			);
			buildRules = (
			);
			dependencies = (
			);
			name = "Game-Mac";
			productName = Game;
			productReference = 7F2DAFE228E03B630044EF8D /* libGame-Mac.dylib */;
			productType = "com.apple.product-type.library.dynamic";
		};
		7FE9E2E828FA05B600AFE00A /* Game-iOS */ = {
			isa = PBXNativeTarget;
			buildConfigurationList = 7FE9E2F128FA05B600AFE00A /* Build configuration list for PBXNativeTarget "Game-iOS" */;
			buildPhases = (
				7FE9E2E528FA05B600AFE00A /* Headers */,
				7FE9E2E628FA05B600AFE00A /* Sources */,
				7FE9E2E728FA05B600AFE00A /* Frameworks */,
			);
			buildRules = (
			);
			dependencies = (
			);
			name = "Game-iOS";
			productName = "Game-iOS";
			productReference = 7FE9E2E928FA05B600AFE00A /* libGame-iOS.dylib */;
			productType = "com.apple.product-type.library.dynamic";
		};
/* End PBXNativeTarget section */

/* Begin PBXProject section */
		7F2DAFDA28E03B630044EF8D /* Project object */ = {
			isa = PBXProject;
			attributes = {
				BuildIndependentTargetsInParallel = 1;
				LastUpgradeCheck = 1340;
				TargetAttributes = {
					7F18784C28ED151000851F28 = {
						CreatedOnToolsVersion = 13.4.1;
					};
					7F2DAFE128E03B630044EF8D = {
						CreatedOnToolsVersion = 13.4.1;
					};
					7FE9E2E828FA05B600AFE00A = {
						CreatedOnToolsVersion = 13.4.1;
					};
				};
			};
			buildConfigurationList = 7F2DAFDD28E03B630044EF8D /* Build configuration list for PBXProject "Game" */;
			compatibilityVersion = "Xcode 13.0";
			developmentRegion = en;
			hasScannedForEncodings = 0;
			knownRegions = (
				en,
				Base,
			);
			mainGroup = 7F2DAFD928E03B630044EF8D;
			productRefGroup = 7F2DAFE328E03B630044EF8D /* Products */;
			projectDirPath = "";
			projectRoot = "";
			targets = (
				7F2DAFE128E03B630044EF8D /* Game-Mac */,
				7FE9E2E828FA05B600AFE00A /* Game-iOS */,
				7F18784C28ED151000851F28 /* GameBundle */,
			);
		};
/* End PBXProject section */

/* Begin PBXResourcesBuildPhase section */
		7F18784B28ED151000851F28 /* Resources */ = {
			isa = PBXResourcesBuildPhase;
			buildActionMask = 2147483647;
			files = (
				7FB91E1129A4BB3E006C93C2 /* main.ini in Resources */,
				7FB91E1229A4BB3E006C93C2 /* player_Idle.json in Resources */,
				7FB91E1329A4BB3E006C93C2 /* player_Idle.png in Resources */,
				7FEA3FA029F42BC600807305 /* smalls.json in Resources */,
				7FB91E1429A4BB3E006C93C2 /* player_Idle.tga in Resources */,
				7FB91E1529A4BB3E006C93C2 /* background.json in Resources */,
				7FB91E1629A4BB3E006C93C2 /* background.png in Resources */,
				7FB91E1729A4BB3E006C93C2 /* background.tga in Resources */,
				7FB91E1829A4BB3E006C93C2 /* at01.fnt in Resources */,
				7FEA3FA129F42BC600807305 /* smalls.png in Resources */,
				7FB91E1929A4BB3E006C93C2 /* at01.png in Resources */,
			);
			runOnlyForDeploymentPostprocessing = 0;
		};
/* End PBXResourcesBuildPhase section */

/* Begin PBXSourcesBuildPhase section */
		7F18784928ED151000851F28 /* Sources */ = {
			isa = PBXSourcesBuildPhase;
			buildActionMask = 2147483647;
			files = (
			);
			runOnlyForDeploymentPostprocessing = 0;
		};
		7F2DAFDF28E03B630044EF8D /* Sources */ = {
			isa = PBXSourcesBuildPhase;
			buildActionMask = 2147483647;
			files = (
				7FD0FB1D28E4E485008A4389 /* InertiaProcessor.cpp in Sources */,
				7F2DAFEA28E03B630044EF8D /* GameEntryPoint.cpp in Sources */,
				7FE6D57628E051FF00A78E06 /* GameSceneCoordinator.cpp in Sources */,
				7FE6D57C28E05A8A00A78E06 /* GameSceneIntro.cpp in Sources */,
				7FD0FB2128E4EBA7008A4389 /* GameInput.cpp in Sources */,
				7F2DB01B28E04D250044EF8D /* GameResolutionState.cpp in Sources */,
				7FEA3F9729F4107200807305 /* ParticleEmitter.cpp in Sources */,
			);
			runOnlyForDeploymentPostprocessing = 0;
		};
		7FE9E2E628FA05B600AFE00A /* Sources */ = {
			isa = PBXSourcesBuildPhase;
			buildActionMask = 2147483647;
			files = (
				7FE9E2F628FA070600AFE00A /* GameEntryPoint.cpp in Sources */,
				7FE9E2F728FA070600AFE00A /* GameResolutionState.cpp in Sources */,
				7FE9E2F828FA070600AFE00A /* GameSceneCoordinator.cpp in Sources */,
				7FE9E2F928FA070600AFE00A /* GameSceneIntro.cpp in Sources */,
				7FE9E2FA28FA070600AFE00A /* InertiaProcessor.cpp in Sources */,
				7FE9E2FB28FA070600AFE00A /* GameInput.cpp in Sources */,
				7FEA3F9829F4107200807305 /* ParticleEmitter.cpp in Sources */,
			);
			runOnlyForDeploymentPostprocessing = 0;
		};
/* End PBXSourcesBuildPhase section */

/* Begin XCBuildConfiguration section */
		7F18784F28ED151000851F28 /* Debug */ = {
			isa = XCBuildConfiguration;
			buildSettings = {
				CODE_SIGN_STYLE = Automatic;
				COMBINE_HIDPI_IMAGES = YES;
				CURRENT_PROJECT_VERSION = 1;
				GENERATE_INFOPLIST_FILE = YES;
				INFOPLIST_KEY_NSHumanReadableCopyright = "";
				INFOPLIST_KEY_NSPrincipalClass = "";
				INSTALL_PATH = "$(LOCAL_LIBRARY_DIR)/Bundles";
				MARKETING_VERSION = 1.0;
				PRODUCT_BUNDLE_IDENTIFIER = pl.krzysp.gameengine.scripts.GameBundle;
				PRODUCT_NAME = "$(TARGET_NAME)";
				SKIP_INSTALL = YES;
				SWIFT_EMIT_LOC_STRINGS = YES;
				WRAPPER_EXTENSION = bundle;
			};
			name = Debug;
		};
		7F18785028ED151000851F28 /* Release */ = {
			isa = XCBuildConfiguration;
			buildSettings = {
				CODE_SIGN_STYLE = Automatic;
				COMBINE_HIDPI_IMAGES = YES;
				CURRENT_PROJECT_VERSION = 1;
				GENERATE_INFOPLIST_FILE = YES;
				INFOPLIST_KEY_NSHumanReadableCopyright = "";
				INFOPLIST_KEY_NSPrincipalClass = "";
				INSTALL_PATH = "$(LOCAL_LIBRARY_DIR)/Bundles";
				MARKETING_VERSION = 1.0;
				PRODUCT_BUNDLE_IDENTIFIER = pl.krzysp.gameengine.scripts.GameBundle;
				PRODUCT_NAME = "$(TARGET_NAME)";
				SKIP_INSTALL = YES;
				SWIFT_EMIT_LOC_STRINGS = YES;
				WRAPPER_EXTENSION = bundle;
			};
			name = Release;
		};
		7F2DAFEB28E03B630044EF8D /* Debug */ = {
			isa = XCBuildConfiguration;
			buildSettings = {
				ALWAYS_SEARCH_USER_PATHS = NO;
				CLANG_ANALYZER_NONNULL = YES;
				CLANG_ANALYZER_NUMBER_OBJECT_CONVERSION = YES_AGGRESSIVE;
				CLANG_CXX_LANGUAGE_STANDARD = "gnu++17";
				CLANG_ENABLE_MODULES = YES;
				CLANG_ENABLE_OBJC_ARC = YES;
				CLANG_ENABLE_OBJC_WEAK = YES;
				CLANG_WARN_BLOCK_CAPTURE_AUTORELEASING = YES;
				CLANG_WARN_BOOL_CONVERSION = YES;
				CLANG_WARN_COMMA = YES;
				CLANG_WARN_CONSTANT_CONVERSION = YES;
				CLANG_WARN_DEPRECATED_OBJC_IMPLEMENTATIONS = YES;
				CLANG_WARN_DIRECT_OBJC_ISA_USAGE = YES_ERROR;
				CLANG_WARN_DOCUMENTATION_COMMENTS = YES;
				CLANG_WARN_EMPTY_BODY = YES;
				CLANG_WARN_ENUM_CONVERSION = YES;
				CLANG_WARN_INFINITE_RECURSION = YES;
				CLANG_WARN_INT_CONVERSION = YES;
				CLANG_WARN_NON_LITERAL_NULL_CONVERSION = YES;
				CLANG_WARN_OBJC_IMPLICIT_RETAIN_SELF = YES;
				CLANG_WARN_OBJC_LITERAL_CONVERSION = YES;
				CLANG_WARN_OBJC_ROOT_CLASS = YES_ERROR;
				CLANG_WARN_QUOTED_INCLUDE_IN_FRAMEWORK_HEADER = YES;
				CLANG_WARN_RANGE_LOOP_ANALYSIS = YES;
				CLANG_WARN_STRICT_PROTOTYPES = YES;
				CLANG_WARN_SUSPICIOUS_MOVE = YES;
				CLANG_WARN_UNGUARDED_AVAILABILITY = YES_AGGRESSIVE;
				CLANG_WARN_UNREACHABLE_CODE = YES;
				CLANG_WARN__DUPLICATE_METHOD_MATCH = YES;
				COPY_PHASE_STRIP = NO;
				DEBUG_INFORMATION_FORMAT = dwarf;
				ENABLE_STRICT_OBJC_MSGSEND = YES;
				ENABLE_TESTABILITY = YES;
				GCC_C_LANGUAGE_STANDARD = gnu11;
				GCC_DYNAMIC_NO_PIC = NO;
				GCC_NO_COMMON_BLOCKS = YES;
				GCC_OPTIMIZATION_LEVEL = 0;
				GCC_PREPROCESSOR_DEFINITIONS = (
					"DEBUG=1",
					"$(inherited)",
				);
				GCC_WARN_64_TO_32_BIT_CONVERSION = YES;
				GCC_WARN_ABOUT_RETURN_TYPE = YES_ERROR;
				GCC_WARN_UNDECLARED_SELECTOR = YES;
				GCC_WARN_UNINITIALIZED_AUTOS = YES_AGGRESSIVE;
				GCC_WARN_UNUSED_FUNCTION = YES;
				GCC_WARN_UNUSED_VARIABLE = YES;
				HEADER_SEARCH_PATHS = "$(SRCROOT)/../Engine/src/Renderer/Interfaces";
				MACOSX_DEPLOYMENT_TARGET = 12.3;
				MTL_ENABLE_DEBUG_INFO = INCLUDE_SOURCE;
				MTL_FAST_MATH = YES;
				ONLY_ACTIVE_ARCH = YES;
				SDKROOT = macosx;
			};
			name = Debug;
		};
		7F2DAFEC28E03B630044EF8D /* Release */ = {
			isa = XCBuildConfiguration;
			buildSettings = {
				ALWAYS_SEARCH_USER_PATHS = NO;
				CLANG_ANALYZER_NONNULL = YES;
				CLANG_ANALYZER_NUMBER_OBJECT_CONVERSION = YES_AGGRESSIVE;
				CLANG_CXX_LANGUAGE_STANDARD = "gnu++17";
				CLANG_ENABLE_MODULES = YES;
				CLANG_ENABLE_OBJC_ARC = YES;
				CLANG_ENABLE_OBJC_WEAK = YES;
				CLANG_WARN_BLOCK_CAPTURE_AUTORELEASING = YES;
				CLANG_WARN_BOOL_CONVERSION = YES;
				CLANG_WARN_COMMA = YES;
				CLANG_WARN_CONSTANT_CONVERSION = YES;
				CLANG_WARN_DEPRECATED_OBJC_IMPLEMENTATIONS = YES;
				CLANG_WARN_DIRECT_OBJC_ISA_USAGE = YES_ERROR;
				CLANG_WARN_DOCUMENTATION_COMMENTS = YES;
				CLANG_WARN_EMPTY_BODY = YES;
				CLANG_WARN_ENUM_CONVERSION = YES;
				CLANG_WARN_INFINITE_RECURSION = YES;
				CLANG_WARN_INT_CONVERSION = YES;
				CLANG_WARN_NON_LITERAL_NULL_CONVERSION = YES;
				CLANG_WARN_OBJC_IMPLICIT_RETAIN_SELF = YES;
				CLANG_WARN_OBJC_LITERAL_CONVERSION = YES;
				CLANG_WARN_OBJC_ROOT_CLASS = YES_ERROR;
				CLANG_WARN_QUOTED_INCLUDE_IN_FRAMEWORK_HEADER = YES;
				CLANG_WARN_RANGE_LOOP_ANALYSIS = YES;
				CLANG_WARN_STRICT_PROTOTYPES = YES;
				CLANG_WARN_SUSPICIOUS_MOVE = YES;
				CLANG_WARN_UNGUARDED_AVAILABILITY = YES_AGGRESSIVE;
				CLANG_WARN_UNREACHABLE_CODE = YES;
				CLANG_WARN__DUPLICATE_METHOD_MATCH = YES;
				COPY_PHASE_STRIP = NO;
				DEBUG_INFORMATION_FORMAT = "dwarf-with-dsym";
				ENABLE_NS_ASSERTIONS = NO;
				ENABLE_STRICT_OBJC_MSGSEND = YES;
				GCC_C_LANGUAGE_STANDARD = gnu11;
				GCC_NO_COMMON_BLOCKS = YES;
				GCC_WARN_64_TO_32_BIT_CONVERSION = YES;
				GCC_WARN_ABOUT_RETURN_TYPE = YES_ERROR;
				GCC_WARN_UNDECLARED_SELECTOR = YES;
				GCC_WARN_UNINITIALIZED_AUTOS = YES_AGGRESSIVE;
				GCC_WARN_UNUSED_FUNCTION = YES;
				GCC_WARN_UNUSED_VARIABLE = YES;
				HEADER_SEARCH_PATHS = "$(SRCROOT)/../Engine/src/Renderer/Interfaces";
				MACOSX_DEPLOYMENT_TARGET = 12.3;
				MTL_ENABLE_DEBUG_INFO = NO;
				MTL_FAST_MATH = YES;
				SDKROOT = macosx;
			};
			name = Release;
		};
		7F2DAFEE28E03B630044EF8D /* Debug */ = {
			isa = XCBuildConfiguration;
			buildSettings = {
				CODE_SIGN_STYLE = Automatic;
				DYLIB_COMPATIBILITY_VERSION = 1;
				DYLIB_CURRENT_VERSION = 1;
				EXECUTABLE_PREFIX = lib;
				GCC_ENABLE_CPP_EXCEPTIONS = YES;
				GCC_ENABLE_CPP_RTTI = YES;
				GCC_SYMBOLS_PRIVATE_EXTERN = YES;
				HEADER_SEARCH_PATHS = "$(SRCROOT)/../Engine/src/Renderer/Interfaces";
				MACH_O_TYPE = staticlib;
				OTHER_LDFLAGS = "-Wl,-undefined,dynamic_lookup";
				PRODUCT_NAME = "$(TARGET_NAME)";
				SKIP_INSTALL = YES;
			};
			name = Debug;
		};
		7F2DAFEF28E03B630044EF8D /* Release */ = {
			isa = XCBuildConfiguration;
			buildSettings = {
				CODE_SIGN_STYLE = Automatic;
				DYLIB_COMPATIBILITY_VERSION = 1;
				DYLIB_CURRENT_VERSION = 1;
				EXECUTABLE_PREFIX = lib;
				GCC_ENABLE_CPP_EXCEPTIONS = YES;
				GCC_ENABLE_CPP_RTTI = YES;
				GCC_SYMBOLS_PRIVATE_EXTERN = YES;
				HEADER_SEARCH_PATHS = "$(SRCROOT)/../Engine/src/Renderer/Interfaces";
				MACH_O_TYPE = staticlib;
				OTHER_LDFLAGS = "-Wl,-undefined,dynamic_lookup";
				PRODUCT_NAME = "$(TARGET_NAME)";
				SKIP_INSTALL = YES;
			};
			name = Release;
		};
		7FE9E2F228FA05B600AFE00A /* Debug */ = {
			isa = XCBuildConfiguration;
			buildSettings = {
				CODE_SIGN_STYLE = Automatic;
				DYLIB_COMPATIBILITY_VERSION = 1;
				DYLIB_CURRENT_VERSION = 1;
				EXECUTABLE_PREFIX = lib;
				GCC_ENABLE_CPP_EXCEPTIONS = YES;
				GCC_ENABLE_CPP_RTTI = YES;
				GCC_SYMBOLS_PRIVATE_EXTERN = YES;
				MACH_O_TYPE = staticlib;
				OTHER_LDFLAGS = "-Wl,-undefined,dynamic_lookup";
				PRODUCT_NAME = "$(TARGET_NAME)";
				SDKROOT = iphoneos;
				SKIP_INSTALL = YES;
			};
			name = Debug;
		};
		7FE9E2F328FA05B600AFE00A /* Release */ = {
			isa = XCBuildConfiguration;
			buildSettings = {
				CODE_SIGN_STYLE = Automatic;
				DYLIB_COMPATIBILITY_VERSION = 1;
				DYLIB_CURRENT_VERSION = 1;
				EXECUTABLE_PREFIX = lib;
				GCC_ENABLE_CPP_EXCEPTIONS = YES;
				GCC_ENABLE_CPP_RTTI = YES;
				GCC_SYMBOLS_PRIVATE_EXTERN = YES;
				MACH_O_TYPE = staticlib;
				OTHER_LDFLAGS = "-Wl,-undefined,dynamic_lookup";
				PRODUCT_NAME = "$(TARGET_NAME)";
				SDKROOT = iphoneos;
				SKIP_INSTALL = YES;
			};
			name = Release;
		};
/* End XCBuildConfiguration section */

/* Begin XCConfigurationList section */
		7F18784E28ED151000851F28 /* Build configuration list for PBXNativeTarget "GameBundle" */ = {
			isa = XCConfigurationList;
			buildConfigurations = (
				7F18784F28ED151000851F28 /* Debug */,
				7F18785028ED151000851F28 /* Release */,
			);
			defaultConfigurationIsVisible = 0;
			defaultConfigurationName = Release;
		};
		7F2DAFDD28E03B630044EF8D /* Build configuration list for PBXProject "Game" */ = {
			isa = XCConfigurationList;
			buildConfigurations = (
				7F2DAFEB28E03B630044EF8D /* Debug */,
				7F2DAFEC28E03B630044EF8D /* Release */,
			);
			defaultConfigurationIsVisible = 0;
			defaultConfigurationName = Release;
		};
		7F2DAFED28E03B630044EF8D /* Build configuration list for PBXNativeTarget "Game-Mac" */ = {
			isa = XCConfigurationList;
			buildConfigurations = (
				7F2DAFEE28E03B630044EF8D /* Debug */,
				7F2DAFEF28E03B630044EF8D /* Release */,
			);
			defaultConfigurationIsVisible = 0;
			defaultConfigurationName = Release;
		};
		7FE9E2F128FA05B600AFE00A /* Build configuration list for PBXNativeTarget "Game-iOS" */ = {
			isa = XCConfigurationList;
			buildConfigurations = (
				7FE9E2F228FA05B600AFE00A /* Debug */,
				7FE9E2F328FA05B600AFE00A /* Release */,
			);
			defaultConfigurationIsVisible = 0;
			defaultConfigurationName = Release;
		};
/* End XCConfigurationList section */
	};
	rootObject = 7F2DAFDA28E03B630044EF8D /* Project object */;
}
