<?xml version="1.0" encoding="UTF-8"?>
<Scheme
   LastUpgradeVersion = "1310"
   version = "1.3">
   <BuildAction
      parallelizeBuildables = "YES"
      buildImplicitDependencies = "YES">
      <BuildActionEntries>
         <BuildActionEntry
            buildForTesting = "YES"
            buildForRunning = "YES"
            buildForProfiling = "YES"
            buildForArchiving = "YES"
            buildForAnalyzing = "YES">
            <BuildableReference
               BuildableIdentifier = "primary"
               BlueprintIdentifier = "7F4172A7277330A600B6AE24"
               BuildableName = "atlasgen"
               BlueprintName = "atlasgen"
               ReferencedContainer = "container:atlasgen.xcodeproj">
            </BuildableReference>
         </BuildActionEntry>
         <BuildActionEntry
            buildForTesting = "YES"
            buildForRunning = "YES"
            buildForProfiling = "YES"
            buildForArchiving = "YES"
            buildForAnalyzing = "YES">
            <BuildableReference
               BuildableIdentifier = "primary"
               BlueprintIdentifier = "BE1FA72F07AF4C45004B6283"
               BuildableName = "libSDL2_image.a"
               BlueprintName = "Static Library"
               ReferencedContainer = "container:../../Libraries/SDL_image-main/Xcode/SDL_image.xcodeproj">
            </BuildableReference>
         </BuildActionEntry>
         <BuildActionEntry
            buildForTesting = "YES"
            buildForRunning = "YES"
            buildForProfiling = "YES"
            buildForArchiving = "YES"
            buildForAnalyzing = "YES">
            <BuildableReference
               BuildableIdentifier = "primary"
               BlueprintIdentifier = "7F2E2313276F8C51003E6B4E"
               BuildableName = "libcjson.a"
               BlueprintName = "cjson"
               ReferencedContainer = "container:../../Libraries/cJson/cJson.xcodeproj">
            </BuildableReference>
         </BuildActionEntry>
      </BuildActionEntries>
   </BuildAction>
   <TestAction
      buildConfiguration = "Debug"
      selectedDebuggerIdentifier = "Xcode.DebuggerFoundation.Debugger.LLDB"
      selectedLauncherIdentifier = "Xcode.DebuggerFoundation.Launcher.LLDB"
      shouldUseLaunchSchemeArgsEnv = "YES">
      <Testables>
      </Testables>
   </TestAction>
   <LaunchAction
      buildConfiguration = "Debug"
      selectedDebuggerIdentifier = "Xcode.DebuggerFoundation.Debugger.LLDB"
      selectedLauncherIdentifier = "Xcode.DebuggerFoundation.Launcher.LLDB"
      launchStyle = "0"
      useCustomWorkingDirectory = "NO"
      ignoresPersistentStateOnLaunch = "NO"
      debugDocumentVersioning = "YES"
      debugServiceExtension = "internal"
      allowLocationSimulation = "YES">
      <BuildableProductRunnable
         runnableDebuggingMode = "0">
         <BuildableReference
            BuildableIdentifier = "primary"
            BlueprintIdentifier = "7F4172A7277330A600B6AE24"
            BuildableName = "atlasgen"
            BlueprintName = "atlasgen"
            ReferencedContainer = "container:atlasgen.xcodeproj">
         </BuildableReference>
      </BuildableProductRunnable>
      <CommandLineArguments>
         <CommandLineArgument
            argument = "-dir /Users/krzysp/Documents/Projekty/Programistyczne/GameEngine/Tools/atlasgen/Sample"
            isEnabled = "YES">
         </CommandLineArgument>
         <CommandLineArgument
            argument = "-outAtlasImage /Users/krzysp/Documents/Projekty/Programistyczne/GameEngine/Tools/atlasgen/SampleOut/image.png"
            isEnabled = "YES">
         </CommandLineArgument>
         <CommandLineArgument
            argument = "-outAtlasJson /Users/krzysp/Documents/Projekty/Programistyczne/GameEngine/Tools/atlasgen/SampleOut/image.json"
            isEnabled = "YES">
         </CommandLineArgument>
         <CommandLineArgument
            argument = "-size 1024"
            isEnabled = "YES">
         </CommandLineArgument>
      </CommandLineArguments>
   </LaunchAction>
   <ProfileAction
      buildConfiguration = "Release"
      shouldUseLaunchSchemeArgsEnv = "YES"
      savedToolIdentifier = ""
      useCustomWorkingDirectory = "NO"
      debugDocumentVersioning = "YES">
      <BuildableProductRunnable
         runnableDebuggingMode = "0">
         <BuildableReference
            BuildableIdentifier = "primary"
            BlueprintIdentifier = "7F4172A7277330A600B6AE24"
            BuildableName = "atlasgen"
            BlueprintName = "atlasgen"
            ReferencedContainer = "container:atlasgen.xcodeproj">
         </BuildableReference>
      </BuildableProductRunnable>
   </ProfileAction>
   <AnalyzeAction
      buildConfiguration = "Debug">
   </AnalyzeAction>
   <ArchiveAction
      buildConfiguration = "Release"
      revealArchiveInOrganizer = "YES">
   </ArchiveAction>
</Scheme>
