// !$*UTF8*$!
{
	archiveVersion = 1;
	classes = {
	};
	objectVersion = 55;
	objects = {

/* Begin PBXBuildFile section */
		7F3CAAE6277093D500E0D74C /* AppDelegate.m in Sources */ = {isa = PBXBuildFile; fileRef = 7F3CAAE5277093D500E0D74C /* AppDelegate.m */; };
		7F3CAAE8277093D600E0D74C /* Assets.xcassets in Resources */ = {isa = PBXBuildFile; fileRef = 7F3CAAE7277093D600E0D74C /* Assets.xcassets */; };
		7F3CAAEB277093D600E0D74C /* MainMenu.xib in Resources */ = {isa = PBXBuildFile; fileRef = 7F3CAAE9277093D600E0D74C /* MainMenu.xib */; };
		7F3CAAED277093D600E0D74C /* main.mm in Sources */ = {isa = PBXBuildFile; fileRef = 7F3CAAEC277093D600E0D74C /* main.mm */; };
		7F3CAB082770951B00E0D74C /* file_access.mm in Sources */ = {isa = PBXBuildFile; fileRef = 7F3CAAFC2770951B00E0D74C /* file_access.mm */; };
		7F3CAB092770951B00E0D74C /* scripting_engine.cpp in Sources */ = {isa = PBXBuildFile; fileRef = 7F3CAB022770951B00E0D74C /* scripting_engine.cpp */; };
		7F3CAB0A2770951B00E0D74C /* engine.cpp in Sources */ = {isa = PBXBuildFile; fileRef = 7F3CAB052770951B00E0D74C /* engine.cpp */; };
		7F3CAB0B2770951B00E0D74C /* engine_provider.cpp in Sources */ = {isa = PBXBuildFile; fileRef = 7F3CAB072770951B00E0D74C /* engine_provider.cpp */; };
		7F3CAB0F277095DD00E0D74C /* liblua.a in Frameworks */ = {isa = PBXBuildFile; fileRef = 7F3CAB0E277095DD00E0D74C /* liblua.a */; };
		7F3CAB132770964000E0D74C /* RendererEntry.cpp in Sources */ = {isa = PBXBuildFile; fileRef = 7F3CAB112770964000E0D74C /* RendererEntry.cpp */; };
		7F4172BB2773351100B6AE24 /* SDL2.framework in Frameworks */ = {isa = PBXBuildFile; fileRef = 7F4172BA2773351100B6AE24 /* SDL2.framework */; };
		7F4172CE2773372600B6AE24 /* libSDL2_ttf.a in Frameworks */ = {isa = PBXBuildFile; fileRef = 7F4172CD2773372600B6AE24 /* libSDL2_ttf.a */; };
		7F4172D02773378A00B6AE24 /* SDL2.framework in Embed Frameworks */ = {isa = PBXBuildFile; fileRef = 7F4172BA2773351100B6AE24 /* SDL2.framework */; settings = {ATTRIBUTES = (CodeSignOnCopy, RemoveHeadersOnCopy, ); }; };
		7F42606F2773667B00E0DC09 /* libSDL2_image.a in Frameworks */ = {isa = PBXBuildFile; fileRef = 7F42606E2773667B00E0DC09 /* libSDL2_image.a */; };
		7F426073277368F900E0DC09 /* sprite_atlas.cpp in Sources */ = {isa = PBXBuildFile; fileRef = 7F426071277368F900E0DC09 /* sprite_atlas.cpp */; };
		7F42607627736A0400E0DC09 /* image.json in Resources */ = {isa = PBXBuildFile; fileRef = 7F42607427736A0400E0DC09 /* image.json */; };
		7F42607727736A0400E0DC09 /* image.png in Resources */ = {isa = PBXBuildFile; fileRef = 7F42607527736A0400E0DC09 /* image.png */; };
		7F42607927736A6D00E0DC09 /* libcjson.a in Frameworks */ = {isa = PBXBuildFile; fileRef = 7F42607827736A6D00E0DC09 /* libcjson.a */; };
		7F42607E27739BA000E0DC09 /* sprite_draw_static.cpp in Sources */ = {isa = PBXBuildFile; fileRef = 7F42607C27739BA000E0DC09 /* sprite_draw_static.cpp */; };
		7F61F2A02770A17B0037FA21 /* Metal.framework in Frameworks */ = {isa = PBXBuildFile; fileRef = 7F61F29F2770A17B0037FA21 /* Metal.framework */; settings = {ATTRIBUTES = (Weak, ); }; };
		7FB6C2CF2772574100ADAEF1 /* event_provider.cpp in Sources */ = {isa = PBXBuildFile; fileRef = 7FB6C2CD2772574100ADAEF1 /* event_provider.cpp */; };
		7FB6C2D42772786800ADAEF1 /* walk-left.png in Resources */ = {isa = PBXBuildFile; fileRef = 7FB6C2D32772786800ADAEF1 /* walk-left.png */; };
		7FB6C2D627727DC100ADAEF1 /* sheriff.png in Resources */ = {isa = PBXBuildFile; fileRef = 7FB6C2D527727DC100ADAEF1 /* sheriff.png */; };
		7FB6C2DA2772883400ADAEF1 /* sprite.cpp in Sources */ = {isa = PBXBuildFile; fileRef = 7FB6C2D82772883400ADAEF1 /* sprite.cpp */; };
		7FEDC9A12770CF340009E6E5 /* main.lua in Resources */ = {isa = PBXBuildFile; fileRef = 7FEDC99F2770CEE00009E6E5 /* main.lua */; };
		7FEDC9B92770E5150009E6E5 /* texture.cpp in Sources */ = {isa = PBXBuildFile; fileRef = 7FEDC9B72770E5150009E6E5 /* texture.cpp */; };
		7FEDC9BC2770F7330009E6E5 /* background.jpg in Resources */ = {isa = PBXBuildFile; fileRef = 7FEDC9BB2770F7330009E6E5 /* background.jpg */; };
		7FEDC9C327711C9F0009E6E5 /* font.cpp in Sources */ = {isa = PBXBuildFile; fileRef = 7FEDC9C127711C9F0009E6E5 /* font.cpp */; };
		7FEDC9C527711D8C0009E6E5 /* EnterCommand.ttf in Resources */ = {isa = PBXBuildFile; fileRef = 7FEDC9C427711D8B0009E6E5 /* EnterCommand.ttf */; };
		7FFE54592773AFA30046D532 /* sprite_draw_animated.cpp in Sources */ = {isa = PBXBuildFile; fileRef = 7FFE54572773AFA30046D532 /* sprite_draw_animated.cpp */; };
/* End PBXBuildFile section */

/* Begin PBXCopyFilesBuildPhase section */
		7F3CAAFA2770947500E0D74C /* Embed Frameworks */ = {
			isa = PBXCopyFilesBuildPhase;
			buildActionMask = 2147483647;
			dstPath = "";
			dstSubfolderSpec = 10;
			files = (
				7F4172D02773378A00B6AE24 /* SDL2.framework in Embed Frameworks */,
			);
			name = "Embed Frameworks";
			runOnlyForDeploymentPostprocessing = 0;
		};
/* End PBXCopyFilesBuildPhase section */

/* Begin PBXFileReference section */
		7F3CAAE1277093D500E0D74C /* RendererAppSDL.app */ = {isa = PBXFileReference; explicitFileType = wrapper.application; includeInIndex = 0; path = RendererAppSDL.app; sourceTree = BUILT_PRODUCTS_DIR; };
		7F3CAAE4277093D500E0D74C /* AppDelegate.h */ = {isa = PBXFileReference; lastKnownFileType = sourcecode.c.h; path = AppDelegate.h; sourceTree = "<group>"; };
		7F3CAAE5277093D500E0D74C /* AppDelegate.m */ = {isa = PBXFileReference; lastKnownFileType = sourcecode.c.objc; path = AppDelegate.m; sourceTree = "<group>"; };
		7F3CAAE7277093D600E0D74C /* Assets.xcassets */ = {isa = PBXFileReference; lastKnownFileType = folder.assetcatalog; path = Assets.xcassets; sourceTree = "<group>"; };
		7F3CAAEA277093D600E0D74C /* Base */ = {isa = PBXFileReference; lastKnownFileType = file.xib; name = Base; path = Base.lproj/MainMenu.xib; sourceTree = "<group>"; };
		7F3CAAEC277093D600E0D74C /* main.mm */ = {isa = PBXFileReference; lastKnownFileType = sourcecode.cpp.objcpp; path = main.mm; sourceTree = "<group>"; };
		7F3CAAEE277093D600E0D74C /* RendererAppSDL.entitlements */ = {isa = PBXFileReference; lastKnownFileType = text.plist.entitlements; path = RendererAppSDL.entitlements; sourceTree = "<group>"; };
		7F3CAAFC2770951B00E0D74C /* file_access.mm */ = {isa = PBXFileReference; fileEncoding = 4; lastKnownFileType = sourcecode.cpp.objcpp; path = file_access.mm; sourceTree = "<group>"; };
		7F3CAAFD2770951B00E0D74C /* engine.hpp */ = {isa = PBXFileReference; fileEncoding = 4; lastKnownFileType = sourcecode.cpp.h; path = engine.hpp; sourceTree = "<group>"; };
		7F3CAAFE2770951B00E0D74C /* file_access.hpp */ = {isa = PBXFileReference; fileEncoding = 4; lastKnownFileType = sourcecode.cpp.h; path = file_access.hpp; sourceTree = "<group>"; };
		7F3CAAFF2770951B00E0D74C /* engine_interface.h */ = {isa = PBXFileReference; fileEncoding = 4; lastKnownFileType = sourcecode.c.h; path = engine_interface.h; sourceTree = "<group>"; };
		7F3CAB002770951B00E0D74C /* scripting_engine_provider_interface.h */ = {isa = PBXFileReference; fileEncoding = 4; lastKnownFileType = sourcecode.c.h; path = scripting_engine_provider_interface.h; sourceTree = "<group>"; };
		7F3CAB012770951B00E0D74C /* engine_provider.hpp */ = {isa = PBXFileReference; fileEncoding = 4; lastKnownFileType = sourcecode.cpp.h; path = engine_provider.hpp; sourceTree = "<group>"; };
		7F3CAB022770951B00E0D74C /* scripting_engine.cpp */ = {isa = PBXFileReference; fileEncoding = 4; lastKnownFileType = sourcecode.cpp.cpp; path = scripting_engine.cpp; sourceTree = "<group>"; };
		7F3CAB032770951B00E0D74C /* file_access_provider.h */ = {isa = PBXFileReference; fileEncoding = 4; lastKnownFileType = sourcecode.c.h; path = file_access_provider.h; sourceTree = "<group>"; };
		7F3CAB042770951B00E0D74C /* scripting_engine.hpp */ = {isa = PBXFileReference; fileEncoding = 4; lastKnownFileType = sourcecode.cpp.h; path = scripting_engine.hpp; sourceTree = "<group>"; };
		7F3CAB052770951B00E0D74C /* engine.cpp */ = {isa = PBXFileReference; fileEncoding = 4; lastKnownFileType = sourcecode.cpp.cpp; path = engine.cpp; sourceTree = "<group>"; };
		7F3CAB062770951B00E0D74C /* engine_provider_interface.h */ = {isa = PBXFileReference; fileEncoding = 4; lastKnownFileType = sourcecode.c.h; path = engine_provider_interface.h; sourceTree = "<group>"; };
		7F3CAB072770951B00E0D74C /* engine_provider.cpp */ = {isa = PBXFileReference; fileEncoding = 4; lastKnownFileType = sourcecode.cpp.cpp; path = engine_provider.cpp; sourceTree = "<group>"; };
		7F3CAB0D2770958A00E0D74C /* common.h */ = {isa = PBXFileReference; lastKnownFileType = sourcecode.c.h; path = common.h; sourceTree = "<group>"; };
		7F3CAB0E277095DD00E0D74C /* liblua.a */ = {isa = PBXFileReference; explicitFileType = archive.ar; path = liblua.a; sourceTree = BUILT_PRODUCTS_DIR; };
		7F3CAB112770964000E0D74C /* RendererEntry.cpp */ = {isa = PBXFileReference; lastKnownFileType = sourcecode.cpp.cpp; path = RendererEntry.cpp; sourceTree = "<group>"; };
		7F3CAB122770964000E0D74C /* RendererEntry.hpp */ = {isa = PBXFileReference; lastKnownFileType = sourcecode.cpp.h; path = RendererEntry.hpp; sourceTree = "<group>"; };
		7F4172BA2773351100B6AE24 /* SDL2.framework */ = {isa = PBXFileReference; lastKnownFileType = wrapper.framework; name = SDL2.framework; path = ../../Frameworks/SDL2.framework; sourceTree = "<group>"; };
		7F4172CD2773372600B6AE24 /* libSDL2_ttf.a */ = {isa = PBXFileReference; explicitFileType = archive.ar; path = libSDL2_ttf.a; sourceTree = BUILT_PRODUCTS_DIR; };
		7F42606E2773667B00E0DC09 /* libSDL2_image.a */ = {isa = PBXFileReference; explicitFileType = archive.ar; path = libSDL2_image.a; sourceTree = BUILT_PRODUCTS_DIR; };
		7F426070277368C000E0DC09 /* sprite_atlas_interface.h */ = {isa = PBXFileReference; lastKnownFileType = sourcecode.c.h; path = sprite_atlas_interface.h; sourceTree = "<group>"; };
		7F426071277368F900E0DC09 /* sprite_atlas.cpp */ = {isa = PBXFileReference; lastKnownFileType = sourcecode.cpp.cpp; path = sprite_atlas.cpp; sourceTree = "<group>"; };
		7F426072277368F900E0DC09 /* sprite_atlas.hpp */ = {isa = PBXFileReference; lastKnownFileType = sourcecode.cpp.h; path = sprite_atlas.hpp; sourceTree = "<group>"; };
		7F42607427736A0400E0DC09 /* image.json */ = {isa = PBXFileReference; fileEncoding = 4; lastKnownFileType = text.json; path = image.json; sourceTree = "<group>"; };
		7F42607527736A0400E0DC09 /* image.png */ = {isa = PBXFileReference; lastKnownFileType = image.png; path = image.png; sourceTree = "<group>"; };
		7F42607827736A6D00E0DC09 /* libcjson.a */ = {isa = PBXFileReference; explicitFileType = archive.ar; path = libcjson.a; sourceTree = BUILT_PRODUCTS_DIR; };
		7F42607A277379EC00E0DC09 /* sprite_interface_defs.h */ = {isa = PBXFileReference; lastKnownFileType = sourcecode.c.h; path = sprite_interface_defs.h; sourceTree = "<group>"; };
		7F42607B277397D900E0DC09 /* sprite_draw_interface.h */ = {isa = PBXFileReference; lastKnownFileType = sourcecode.c.h; path = sprite_draw_interface.h; sourceTree = "<group>"; };
		7F42607C27739BA000E0DC09 /* sprite_draw_static.cpp */ = {isa = PBXFileReference; lastKnownFileType = sourcecode.cpp.cpp; path = sprite_draw_static.cpp; sourceTree = "<group>"; };
		7F42607D27739BA000E0DC09 /* sprite_draw_static.hpp */ = {isa = PBXFileReference; lastKnownFileType = sourcecode.cpp.h; path = sprite_draw_static.hpp; sourceTree = "<group>"; };
		7F61F29F2770A17B0037FA21 /* Metal.framework */ = {isa = PBXFileReference; lastKnownFileType = wrapper.framework; name = Metal.framework; path = System/Library/Frameworks/Metal.framework; sourceTree = SDKROOT; };
		7FB6C2CC2772566000ADAEF1 /* event_provider_interface.h */ = {isa = PBXFileReference; lastKnownFileType = sourcecode.c.h; path = event_provider_interface.h; sourceTree = "<group>"; };
		7FB6C2CD2772574100ADAEF1 /* event_provider.cpp */ = {isa = PBXFileReference; lastKnownFileType = sourcecode.cpp.cpp; path = event_provider.cpp; sourceTree = "<group>"; };
		7FB6C2CE2772574100ADAEF1 /* event_provider.hpp */ = {isa = PBXFileReference; lastKnownFileType = sourcecode.cpp.h; path = event_provider.hpp; sourceTree = "<group>"; };
		7FB6C2D02772625400ADAEF1 /* defs.h */ = {isa = PBXFileReference; lastKnownFileType = sourcecode.c.h; path = defs.h; sourceTree = "<group>"; };
		7FB6C2D32772786800ADAEF1 /* walk-left.png */ = {isa = PBXFileReference; lastKnownFileType = image.png; path = "walk-left.png"; sourceTree = "<group>"; };
		7FB6C2D527727DC100ADAEF1 /* sheriff.png */ = {isa = PBXFileReference; lastKnownFileType = image.png; path = sheriff.png; sourceTree = "<group>"; };
		7FB6C2D72772879200ADAEF1 /* sprite_interface.h */ = {isa = PBXFileReference; lastKnownFileType = sourcecode.c.h; path = sprite_interface.h; sourceTree = "<group>"; };
		7FB6C2D82772883400ADAEF1 /* sprite.cpp */ = {isa = PBXFileReference; lastKnownFileType = sourcecode.cpp.cpp; path = sprite.cpp; sourceTree = "<group>"; };
		7FB6C2D92772883400ADAEF1 /* sprite.hpp */ = {isa = PBXFileReference; lastKnownFileType = sourcecode.cpp.h; path = sprite.hpp; sourceTree = "<group>"; };
		7FEDC99F2770CEE00009E6E5 /* main.lua */ = {isa = PBXFileReference; lastKnownFileType = text; path = main.lua; sourceTree = "<group>"; };
		7FEDC9B62770E4660009E6E5 /* texture_interface.h */ = {isa = PBXFileReference; lastKnownFileType = sourcecode.c.h; path = texture_interface.h; sourceTree = "<group>"; };
		7FEDC9B72770E5150009E6E5 /* texture.cpp */ = {isa = PBXFileReference; lastKnownFileType = sourcecode.cpp.cpp; path = texture.cpp; sourceTree = "<group>"; };
		7FEDC9B82770E5150009E6E5 /* texture.hpp */ = {isa = PBXFileReference; lastKnownFileType = sourcecode.cpp.h; path = texture.hpp; sourceTree = "<group>"; };
		7FEDC9BA2770E6680009E6E5 /* common_engine.h */ = {isa = PBXFileReference; lastKnownFileType = sourcecode.c.h; path = common_engine.h; sourceTree = "<group>"; };
		7FEDC9BB2770F7330009E6E5 /* background.jpg */ = {isa = PBXFileReference; lastKnownFileType = image.jpeg; path = background.jpg; sourceTree = "<group>"; };
		7FEDC9BD2770F9BA0009E6E5 /* common_engine_impl.h */ = {isa = PBXFileReference; lastKnownFileType = sourcecode.c.h; path = common_engine_impl.h; sourceTree = "<group>"; };
		7FEDC9C027711C580009E6E5 /* font_interface.h */ = {isa = PBXFileReference; lastKnownFileType = sourcecode.c.h; path = font_interface.h; sourceTree = "<group>"; };
		7FEDC9C127711C9F0009E6E5 /* font.cpp */ = {isa = PBXFileReference; lastKnownFileType = sourcecode.cpp.cpp; path = font.cpp; sourceTree = "<group>"; };
		7FEDC9C227711C9F0009E6E5 /* font.hpp */ = {isa = PBXFileReference; lastKnownFileType = sourcecode.cpp.h; path = font.hpp; sourceTree = "<group>"; };
		7FEDC9C427711D8B0009E6E5 /* EnterCommand.ttf */ = {isa = PBXFileReference; lastKnownFileType = file; path = EnterCommand.ttf; sourceTree = "<group>"; };
		7FFE54572773AFA30046D532 /* sprite_draw_animated.cpp */ = {isa = PBXFileReference; lastKnownFileType = sourcecode.cpp.cpp; path = sprite_draw_animated.cpp; sourceTree = "<group>"; };
		7FFE54582773AFA30046D532 /* sprite_draw_animated.hpp */ = {isa = PBXFileReference; lastKnownFileType = sourcecode.cpp.h; path = sprite_draw_animated.hpp; sourceTree = "<group>"; };
/* End PBXFileReference section */

/* Begin PBXFrameworksBuildPhase section */
		7F3CAADE277093D500E0D74C /* Frameworks */ = {
			isa = PBXFrameworksBuildPhase;
			buildActionMask = 2147483647;
			files = (
				7F42607927736A6D00E0DC09 /* libcjson.a in Frameworks */,
				7F42606F2773667B00E0DC09 /* libSDL2_image.a in Frameworks */,
				7F4172CE2773372600B6AE24 /* libSDL2_ttf.a in Frameworks */,
				7F4172BB2773351100B6AE24 /* SDL2.framework in Frameworks */,
				7F61F2A02770A17B0037FA21 /* Metal.framework in Frameworks */,
				7F3CAB0F277095DD00E0D74C /* liblua.a in Frameworks */,
			);
			runOnlyForDeploymentPostprocessing = 0;
		};
/* End PBXFrameworksBuildPhase section */

/* Begin PBXGroup section */
		7F3CAAD8277093D500E0D74C = {
			isa = PBXGroup;
			children = (
				7F3CAAE3277093D500E0D74C /* RendererAppSDL */,
				7F3CAAF52770944E00E0D74C /* Frameworks */,
				7F3CAAE2277093D500E0D74C /* Products */,
			);
			sourceTree = "<group>";
		};
		7F3CAAE2277093D500E0D74C /* Products */ = {
			isa = PBXGroup;
			children = (
				7F3CAAE1277093D500E0D74C /* RendererAppSDL.app */,
			);
			name = Products;
			sourceTree = "<group>";
		};
		7F3CAAE3277093D500E0D74C /* RendererAppSDL */ = {
			isa = PBXGroup;
			children = (
				7FB6C2D02772625400ADAEF1 /* defs.h */,
				7F3CAB0D2770958A00E0D74C /* common.h */,
				7FEDC9BA2770E6680009E6E5 /* common_engine.h */,
				7FEDC9BD2770F9BA0009E6E5 /* common_engine_impl.h */,
				7F3CAB0C2770952000E0D74C /* MacOS */,
				7F3CAB102770962900E0D74C /* Entry */,
				7F3CAAFB2770951B00E0D74C /* Renderer */,
				7FEDC99E2770CECF0009E6E5 /* Game Scripts */,
			);
			path = RendererAppSDL;
			sourceTree = "<group>";
		};
		7F3CAAF52770944E00E0D74C /* Frameworks */ = {
			isa = PBXGroup;
			children = (
				7F42607827736A6D00E0DC09 /* libcjson.a */,
				7F42606E2773667B00E0DC09 /* libSDL2_image.a */,
				7F4172CD2773372600B6AE24 /* libSDL2_ttf.a */,
				7F4172BA2773351100B6AE24 /* SDL2.framework */,
				7F61F29F2770A17B0037FA21 /* Metal.framework */,
				7F3CAB0E277095DD00E0D74C /* liblua.a */,
			);
			path = Frameworks;
			sourceTree = "<group>";
		};
		7F3CAAFB2770951B00E0D74C /* Renderer */ = {
			isa = PBXGroup;
			children = (
				7F3CAB032770951B00E0D74C /* file_access_provider.h */,
				7F3CAAFE2770951B00E0D74C /* file_access.hpp */,
				7F3CAAFC2770951B00E0D74C /* file_access.mm */,
				7F3CAB002770951B00E0D74C /* scripting_engine_provider_interface.h */,
				7F3CAB042770951B00E0D74C /* scripting_engine.hpp */,
				7F3CAB022770951B00E0D74C /* scripting_engine.cpp */,
				7FEDC9B62770E4660009E6E5 /* texture_interface.h */,
				7FEDC9B82770E5150009E6E5 /* texture.hpp */,
				7FEDC9B72770E5150009E6E5 /* texture.cpp */,
				7FEDC9C027711C580009E6E5 /* font_interface.h */,
				7FEDC9C127711C9F0009E6E5 /* font.cpp */,
				7FEDC9C227711C9F0009E6E5 /* font.hpp */,
				7F3CAB062770951B00E0D74C /* engine_provider_interface.h */,
				7F3CAB012770951B00E0D74C /* engine_provider.hpp */,
				7F3CAB072770951B00E0D74C /* engine_provider.cpp */,
				7FB6C2CC2772566000ADAEF1 /* event_provider_interface.h */,
				7FB6C2CD2772574100ADAEF1 /* event_provider.cpp */,
				7FB6C2CE2772574100ADAEF1 /* event_provider.hpp */,
				7F3CAAFF2770951B00E0D74C /* engine_interface.h */,
				7F3CAAFD2770951B00E0D74C /* engine.hpp */,
				7F3CAB052770951B00E0D74C /* engine.cpp */,
				7F42607A277379EC00E0DC09 /* sprite_interface_defs.h */,
				7FB6C2D72772879200ADAEF1 /* sprite_interface.h */,
				7FB6C2D92772883400ADAEF1 /* sprite.hpp */,
				7FB6C2D82772883400ADAEF1 /* sprite.cpp */,
				7F426070277368C000E0DC09 /* sprite_atlas_interface.h */,
				7F426072277368F900E0DC09 /* sprite_atlas.hpp */,
				7F426071277368F900E0DC09 /* sprite_atlas.cpp */,
				7F42607B277397D900E0DC09 /* sprite_draw_interface.h */,
				7F42607D27739BA000E0DC09 /* sprite_draw_static.hpp */,
				7F42607C27739BA000E0DC09 /* sprite_draw_static.cpp */,
				7FFE54582773AFA30046D532 /* sprite_draw_animated.hpp */,
				7FFE54572773AFA30046D532 /* sprite_draw_animated.cpp */,
			);
			path = Renderer;
			sourceTree = "<group>";
		};
		7F3CAB0C2770952000E0D74C /* MacOS */ = {
			isa = PBXGroup;
			children = (
				7F3CAAE4277093D500E0D74C /* AppDelegate.h */,
				7F3CAAE5277093D500E0D74C /* AppDelegate.m */,
				7F3CAAE7277093D600E0D74C /* Assets.xcassets */,
				7F3CAAE9277093D600E0D74C /* MainMenu.xib */,
				7F3CAAEC277093D600E0D74C /* main.mm */,
				7F3CAAEE277093D600E0D74C /* RendererAppSDL.entitlements */,
			);
			path = MacOS;
			sourceTree = "<group>";
		};
		7F3CAB102770962900E0D74C /* Entry */ = {
			isa = PBXGroup;
			children = (
				7F3CAB122770964000E0D74C /* RendererEntry.hpp */,
				7F3CAB112770964000E0D74C /* RendererEntry.cpp */,
			);
			path = Entry;
			sourceTree = "<group>";
		};
		7FEDC99E2770CECF0009E6E5 /* Game Scripts */ = {
			isa = PBXGroup;
			children = (
				7F42607427736A0400E0DC09 /* image.json */,
				7F42607527736A0400E0DC09 /* image.png */,
				7FB6C2D527727DC100ADAEF1 /* sheriff.png */,
				7FB6C2D32772786800ADAEF1 /* walk-left.png */,
				7FEDC9C427711D8B0009E6E5 /* EnterCommand.ttf */,
				7FEDC9BB2770F7330009E6E5 /* background.jpg */,
				7FEDC99F2770CEE00009E6E5 /* main.lua */,
			);
			path = "Game Scripts";
			sourceTree = SOURCE_ROOT;
		};
/* End PBXGroup section */

/* Begin PBXNativeTarget section */
		7F3CAAE0277093D500E0D74C /* RendererAppSDL */ = {
			isa = PBXNativeTarget;
			buildConfigurationList = 7F3CAAF1277093D600E0D74C /* Build configuration list for PBXNativeTarget "RendererAppSDL" */;
			buildPhases = (
				7F3CAADD277093D500E0D74C /* Sources */,
				7F3CAADE277093D500E0D74C /* Frameworks */,
				7F3CAADF277093D500E0D74C /* Resources */,
				7F3CAAFA2770947500E0D74C /* Embed Frameworks */,
			);
			buildRules = (
			);
			dependencies = (
			);
			name = RendererAppSDL;
			productName = RendererAppSDL;
			productReference = 7F3CAAE1277093D500E0D74C /* RendererAppSDL.app */;
			productType = "com.apple.product-type.application";
		};
/* End PBXNativeTarget section */

/* Begin PBXProject section */
		7F3CAAD9277093D500E0D74C /* Project object */ = {
			isa = PBXProject;
			attributes = {
				BuildIndependentTargetsInParallel = 1;
				LastUpgradeCheck = 1310;
				TargetAttributes = {
					7F3CAAE0277093D500E0D74C = {
						CreatedOnToolsVersion = 13.1;
					};
				};
			};
			buildConfigurationList = 7F3CAADC277093D500E0D74C /* Build configuration list for PBXProject "RendererAppSDL" */;
			compatibilityVersion = "Xcode 13.0";
			developmentRegion = en;
			hasScannedForEncodings = 0;
			knownRegions = (
				en,
				Base,
			);
			mainGroup = 7F3CAAD8277093D500E0D74C;
			productRefGroup = 7F3CAAE2277093D500E0D74C /* Products */;
			projectDirPath = "";
			projectRoot = "";
			targets = (
				7F3CAAE0277093D500E0D74C /* RendererAppSDL */,
			);
		};
/* End PBXProject section */

/* Begin PBXResourcesBuildPhase section */
		7F3CAADF277093D500E0D74C /* Resources */ = {
			isa = PBXResourcesBuildPhase;
			buildActionMask = 2147483647;
			files = (
				7F3CAAE8277093D600E0D74C /* Assets.xcassets in Resources */,
				7FB6C2D42772786800ADAEF1 /* walk-left.png in Resources */,
				7FEDC9BC2770F7330009E6E5 /* background.jpg in Resources */,
				7FEDC9A12770CF340009E6E5 /* main.lua in Resources */,
				7FB6C2D627727DC100ADAEF1 /* sheriff.png in Resources */,
				7F42607627736A0400E0DC09 /* image.json in Resources */,
				7FEDC9C527711D8C0009E6E5 /* EnterCommand.ttf in Resources */,
				7F3CAAEB277093D600E0D74C /* MainMenu.xib in Resources */,
				7F42607727736A0400E0DC09 /* image.png in Resources */,
			);
			runOnlyForDeploymentPostprocessing = 0;
		};
/* End PBXResourcesBuildPhase section */

/* Begin PBXSourcesBuildPhase section */
		7F3CAADD277093D500E0D74C /* Sources */ = {
			isa = PBXSourcesBuildPhase;
			buildActionMask = 2147483647;
			files = (
				7F3CAB082770951B00E0D74C /* file_access.mm in Sources */,
				7F42607E27739BA000E0DC09 /* sprite_draw_static.cpp in Sources */,
				7F3CAB132770964000E0D74C /* RendererEntry.cpp in Sources */,
				7FEDC9C327711C9F0009E6E5 /* font.cpp in Sources */,
				7F3CAB0A2770951B00E0D74C /* engine.cpp in Sources */,
				7F3CAB0B2770951B00E0D74C /* engine_provider.cpp in Sources */,
				7FB6C2DA2772883400ADAEF1 /* sprite.cpp in Sources */,
				7FFE54592773AFA30046D532 /* sprite_draw_animated.cpp in Sources */,
				7FB6C2CF2772574100ADAEF1 /* event_provider.cpp in Sources */,
				7F3CAB092770951B00E0D74C /* scripting_engine.cpp in Sources */,
				7F426073277368F900E0DC09 /* sprite_atlas.cpp in Sources */,
				7FEDC9B92770E5150009E6E5 /* texture.cpp in Sources */,
				7F3CAAED277093D600E0D74C /* main.mm in Sources */,
				7F3CAAE6277093D500E0D74C /* AppDelegate.m in Sources */,
			);
			runOnlyForDeploymentPostprocessing = 0;
		};
/* End PBXSourcesBuildPhase section */

/* Begin PBXVariantGroup section */
		7F3CAAE9277093D600E0D74C /* MainMenu.xib */ = {
			isa = PBXVariantGroup;
			children = (
				7F3CAAEA277093D600E0D74C /* Base */,
			);
			name = MainMenu.xib;
			sourceTree = "<group>";
		};
/* End PBXVariantGroup section */

/* Begin XCBuildConfiguration section */
		7F3CAAEF277093D600E0D74C /* Debug */ = {
			isa = XCBuildConfiguration;
			buildSettings = {
				ALWAYS_SEARCH_USER_PATHS = NO;
				CLANG_ANALYZER_NONNULL = YES;
				CLANG_ANALYZER_NUMBER_OBJECT_CONVERSION = YES_AGGRESSIVE;
				CLANG_CXX_LANGUAGE_STANDARD = "gnu++17";
				CLANG_CXX_LIBRARY = "libc++";
				CLANG_ENABLE_MODULES = YES;
				CLANG_ENABLE_OBJC_ARC = YES;
				CLANG_ENABLE_OBJC_WEAK = YES;
				CLANG_WARN_BLOCK_CAPTURE_AUTORELEASING = YES;
				CLANG_WARN_BOOL_CONVERSION = YES;
				CLANG_WARN_COMMA = YES;
				CLANG_WARN_CONSTANT_CONVERSION = YES;
				CLANG_WARN_DEPRECATED_OBJC_IMPLEMENTATIONS = YES;
				CLANG_WARN_DIRECT_OBJC_ISA_USAGE = YES_ERROR;
				CLANG_WARN_DOCUMENTATION_COMMENTS = YES;
				CLANG_WARN_EMPTY_BODY = YES;
				CLANG_WARN_ENUM_CONVERSION = YES;
				CLANG_WARN_INFINITE_RECURSION = YES;
				CLANG_WARN_INT_CONVERSION = YES;
				CLANG_WARN_NON_LITERAL_NULL_CONVERSION = YES;
				CLANG_WARN_OBJC_IMPLICIT_RETAIN_SELF = YES;
				CLANG_WARN_OBJC_LITERAL_CONVERSION = YES;
				CLANG_WARN_OBJC_ROOT_CLASS = YES_ERROR;
				CLANG_WARN_RANGE_LOOP_ANALYSIS = YES;
				CLANG_WARN_STRICT_PROTOTYPES = YES;
				CLANG_WARN_SUSPICIOUS_MOVE = YES;
				CLANG_WARN_UNGUARDED_AVAILABILITY = YES_AGGRESSIVE;
				CLANG_WARN_UNREACHABLE_CODE = YES;
				CLANG_WARN__DUPLICATE_METHOD_MATCH = YES;
				COPY_PHASE_STRIP = NO;
				DEBUG_INFORMATION_FORMAT = dwarf;
				ENABLE_STRICT_OBJC_MSGSEND = YES;
				ENABLE_TESTABILITY = YES;
				FRAMEWORK_SEARCH_PATHS = (
					"$(SRCROOT)/../Libraries/SDL_image-main/Xcode/Frameworks",
					"$(SRCROOT)/../Frameworks",
				);
				GCC_C_LANGUAGE_STANDARD = gnu11;
				GCC_DYNAMIC_NO_PIC = NO;
				GCC_NO_COMMON_BLOCKS = YES;
				GCC_OPTIMIZATION_LEVEL = 0;
				GCC_PREPROCESSOR_DEFINITIONS = (
					"DEBUG=1",
					"$(inherited)",
				);
				GCC_WARN_64_TO_32_BIT_CONVERSION = YES;
				GCC_WARN_ABOUT_RETURN_TYPE = YES_ERROR;
				GCC_WARN_UNDECLARED_SELECTOR = YES;
				GCC_WARN_UNINITIALIZED_AUTOS = YES_AGGRESSIVE;
				GCC_WARN_UNUSED_FUNCTION = YES;
				GCC_WARN_UNUSED_VARIABLE = YES;
				HEADER_SEARCH_PATHS = (
					"$(SRCROOT)/../Libraries/Lua/code/src",
					"$(SRCROOT)/../Frameworks/SDL2.framework/Headers",
					"$(SRCROOT)/../Libraries/SDL_image-main",
					"$(SRCROOT)/../Libraries/SDL_ttf-main",
					"$(SRCROOT)/../Libraries/cJson/cJson",
				);
				MACOSX_DEPLOYMENT_TARGET = 11.6;
				MTL_ENABLE_DEBUG_INFO = INCLUDE_SOURCE;
				MTL_FAST_MATH = YES;
				ONLY_ACTIVE_ARCH = YES;
				OTHER_LDFLAGS = (
					"-weak_framework",
					webp,
				);
				SDKROOT = macosx;
			};
			name = Debug;
		};
		7F3CAAF0277093D600E0D74C /* Release */ = {
			isa = XCBuildConfiguration;
			buildSettings = {
				ALWAYS_SEARCH_USER_PATHS = NO;
				CLANG_ANALYZER_NONNULL = YES;
				CLANG_ANALYZER_NUMBER_OBJECT_CONVERSION = YES_AGGRESSIVE;
				CLANG_CXX_LANGUAGE_STANDARD = "gnu++17";
				CLANG_CXX_LIBRARY = "libc++";
				CLANG_ENABLE_MODULES = YES;
				CLANG_ENABLE_OBJC_ARC = YES;
				CLANG_ENABLE_OBJC_WEAK = YES;
				CLANG_WARN_BLOCK_CAPTURE_AUTORELEASING = YES;
				CLANG_WARN_BOOL_CONVERSION = YES;
				CLANG_WARN_COMMA = YES;
				CLANG_WARN_CONSTANT_CONVERSION = YES;
				CLANG_WARN_DEPRECATED_OBJC_IMPLEMENTATIONS = YES;
				CLANG_WARN_DIRECT_OBJC_ISA_USAGE = YES_ERROR;
				CLANG_WARN_DOCUMENTATION_COMMENTS = YES;
				CLANG_WARN_EMPTY_BODY = YES;
				CLANG_WARN_ENUM_CONVERSION = YES;
				CLANG_WARN_INFINITE_RECURSION = YES;
				CLANG_WARN_INT_CONVERSION = YES;
				CLANG_WARN_NON_LITERAL_NULL_CONVERSION = YES;
				CLANG_WARN_OBJC_IMPLICIT_RETAIN_SELF = YES;
				CLANG_WARN_OBJC_LITERAL_CONVERSION = YES;
				CLANG_WARN_OBJC_ROOT_CLASS = YES_ERROR;
				CLANG_WARN_RANGE_LOOP_ANALYSIS = YES;
				CLANG_WARN_STRICT_PROTOTYPES = YES;
				CLANG_WARN_SUSPICIOUS_MOVE = YES;
				CLANG_WARN_UNGUARDED_AVAILABILITY = YES_AGGRESSIVE;
				CLANG_WARN_UNREACHABLE_CODE = YES;
				CLANG_WARN__DUPLICATE_METHOD_MATCH = YES;
				COPY_PHASE_STRIP = NO;
				DEBUG_INFORMATION_FORMAT = "dwarf-with-dsym";
				ENABLE_NS_ASSERTIONS = NO;
				ENABLE_STRICT_OBJC_MSGSEND = YES;
				FRAMEWORK_SEARCH_PATHS = (
					"$(SRCROOT)/../Libraries/SDL_image-main/Xcode/Frameworks",
					"$(SRCROOT)/../Frameworks",
				);
				GCC_C_LANGUAGE_STANDARD = gnu11;
				GCC_NO_COMMON_BLOCKS = YES;
				GCC_WARN_64_TO_32_BIT_CONVERSION = YES;
				GCC_WARN_ABOUT_RETURN_TYPE = YES_ERROR;
				GCC_WARN_UNDECLARED_SELECTOR = YES;
				GCC_WARN_UNINITIALIZED_AUTOS = YES_AGGRESSIVE;
				GCC_WARN_UNUSED_FUNCTION = YES;
				GCC_WARN_UNUSED_VARIABLE = YES;
				HEADER_SEARCH_PATHS = (
					"$(SRCROOT)/../Libraries/Lua/code/src",
					"$(SRCROOT)/../Frameworks/SDL2.framework/Headers",
					"$(SRCROOT)/../Libraries/SDL_image-main",
					"$(SRCROOT)/../Libraries/SDL_ttf-main",
					"$(SRCROOT)/../Libraries/cJson/cJson",
				);
				MACOSX_DEPLOYMENT_TARGET = 11.6;
				MTL_ENABLE_DEBUG_INFO = NO;
				MTL_FAST_MATH = YES;
				OTHER_LDFLAGS = (
					"-weak_framework",
					webp,
				);
				SDKROOT = macosx;
			};
			name = Release;
		};
		7F3CAAF2277093D600E0D74C /* Debug */ = {
			isa = XCBuildConfiguration;
			buildSettings = {
				ASSETCATALOG_COMPILER_APPICON_NAME = AppIcon;
				ASSETCATALOG_COMPILER_GLOBAL_ACCENT_COLOR_NAME = AccentColor;
				CODE_SIGN_ENTITLEMENTS = RendererAppSDL/MacOS/RendererAppSDL.entitlements;
				CODE_SIGN_STYLE = Automatic;
				COMBINE_HIDPI_IMAGES = YES;
				CURRENT_PROJECT_VERSION = 1;
				DEVELOPMENT_TEAM = 75FQAVWUP3;
				ENABLE_HARDENED_RUNTIME = YES;
				GENERATE_INFOPLIST_FILE = YES;
				INFOPLIST_KEY_NSHumanReadableCopyright = "";
				INFOPLIST_KEY_NSMainNibFile = MainMenu;
				INFOPLIST_KEY_NSPrincipalClass = NSApplication;
				LD_RUNPATH_SEARCH_PATHS = (
					"$(inherited)",
					"@executable_path/../Frameworks",
				);
				MARKETING_VERSION = 1.0;
				PRODUCT_BUNDLE_IDENTIFIER = pl.krzysp.gameengine.RendererAppSDL;
				PRODUCT_NAME = "$(TARGET_NAME)";
				SWIFT_EMIT_LOC_STRINGS = YES;
			};
			name = Debug;
		};
		7F3CAAF3277093D600E0D74C /* Release */ = {
			isa = XCBuildConfiguration;
			buildSettings = {
				ASSETCATALOG_COMPILER_APPICON_NAME = AppIcon;
				ASSETCATALOG_COMPILER_GLOBAL_ACCENT_COLOR_NAME = AccentColor;
				CODE_SIGN_ENTITLEMENTS = RendererAppSDL/MacOS/RendererAppSDL.entitlements;
				CODE_SIGN_STYLE = Automatic;
				COMBINE_HIDPI_IMAGES = YES;
				CURRENT_PROJECT_VERSION = 1;
				DEVELOPMENT_TEAM = 75FQAVWUP3;
				ENABLE_HARDENED_RUNTIME = YES;
				GENERATE_INFOPLIST_FILE = YES;
				INFOPLIST_KEY_NSHumanReadableCopyright = "";
				INFOPLIST_KEY_NSMainNibFile = MainMenu;
				INFOPLIST_KEY_NSPrincipalClass = NSApplication;
				LD_RUNPATH_SEARCH_PATHS = (
					"$(inherited)",
					"@executable_path/../Frameworks",
				);
				MARKETING_VERSION = 1.0;
				PRODUCT_BUNDLE_IDENTIFIER = pl.krzysp.gameengine.RendererAppSDL;
				PRODUCT_NAME = "$(TARGET_NAME)";
				SWIFT_EMIT_LOC_STRINGS = YES;
			};
			name = Release;
		};
/* End XCBuildConfiguration section */

/* Begin XCConfigurationList section */
		7F3CAADC277093D500E0D74C /* Build configuration list for PBXProject "RendererAppSDL" */ = {
			isa = XCConfigurationList;
			buildConfigurations = (
				7F3CAAEF277093D600E0D74C /* Debug */,
				7F3CAAF0277093D600E0D74C /* Release */,
			);
			defaultConfigurationIsVisible = 0;
			defaultConfigurationName = Release;
		};
		7F3CAAF1277093D600E0D74C /* Build configuration list for PBXNativeTarget "RendererAppSDL" */ = {
			isa = XCConfigurationList;
			buildConfigurations = (
				7F3CAAF2277093D600E0D74C /* Debug */,
				7F3CAAF3277093D600E0D74C /* Release */,
			);
			defaultConfigurationIsVisible = 0;
			defaultConfigurationName = Release;
		};
/* End XCConfigurationList section */
	};
	rootObject = 7F3CAAD9277093D500E0D74C /* Project object */;
}
